
Microsoft Visual Studio Solution File, Format Version 12.00
# Visual Studio Version 17
VisualStudioVersion = 17.1.32210.238
MinimumVisualStudioVersion = 10.0.40219.1
Project("{FAE04EC0-301F-11D3-BF4B-00C04F79EFBC}") = "BearChessWin", "BearChessWin\BearChessWin.csproj", "{141B2A0E-19B7-4FB4-AA02-B0D9C176FD4A}"
EndProject
Project("{9A19103F-16F7-4668-BE54-9A1E7A4F7556}") = "BearChessBase", "BearChessBase\BearChessBase.csproj", "{72BAD856-2F5E-45DB-9FF1-42D68A4998F5}"
EndProject
Project("{2150E333-8FDC-42A3-9474-1A3956D46DE8}") = "Engines", "Engines", "{F55BBBBC-0731-4D5D-ABFB-A5D416EE0D6A}"
EndProject
Project("{9A19103F-16F7-4668-BE54-9A1E7A4F7556}") = "Gilbert", "Gilbert\Gilbert.csproj", "{83995312-32FC-4E12-910E-1AB3BFE6133F}"
EndProject
Project("{2150E333-8FDC-42A3-9474-1A3956D46DE8}") = "Tests", "Tests", "{57143F6A-605A-4D5B-8975-E249097003F7}"
EndProject
Project("{FAE04EC0-301F-11D3-BF4B-00C04F79EFBC}") = "UnitTestsBearChessBase", "UnitTestsBearChessBase\UnitTestsBearChessBase.csproj", "{420CB182-9AF0-4286-835C-0213A904765B}"
EndProject
Project("{FAE04EC0-301F-11D3-BF4B-00C04F79EFBC}") = "BearChessEChessBoard", "BearChessEChessBoard\BearChessEChessBoard\BearChessEChessBoard.csproj", "{A6BCDC78-1EDC-40C7-936F-880423360BA3}"
EndProject
Project("{FAE04EC0-301F-11D3-BF4B-00C04F79EFBC}") = "MChessLinkLoader", "MChessLinkLoader\MChessLinkLoader\MChessLinkLoader.csproj", "{FEE3096B-8A9C-496B-B7F5-03E733614DD2}"
EndProject
Project("{FAE04EC0-301F-11D3-BF4B-00C04F79EFBC}") = "CertaboLoader", "CertaboLoader\CertaboLoader\CertaboLoader.csproj", "{40462629-633B-4944-873D-5BEED2A60D88}"
EndProject
Project("{2150E333-8FDC-42A3-9474-1A3956D46DE8}") = "EChessBoards", "EChessBoards", "{46B7CDAD-9374-41AC-96E0-2EC74B192601}"
EndProject
Project("{FAE04EC0-301F-11D3-BF4B-00C04F79EFBC}") = "CommonUciWrapper", "EChessBoards\CommonUciWrapper\CommonUciWrapper.csproj", "{66AB214E-2281-4D97-99C7-B54B0E31DF1A}"
EndProject
Project("{2150E333-8FDC-42A3-9474-1A3956D46DE8}") = "Certabo", "Certabo", "{075F7A07-A27B-48DD-A1CD-9BBB4A4C6D67}"
EndProject
Project("{FAE04EC0-301F-11D3-BF4B-00C04F79EFBC}") = "CertaboEBoardWrapper", "EChessBoards\Certabo\CertaboEBoardWrapper\CertaboEBoardWrapper.csproj", "{E2B652F0-1692-459A-BCA5-C5BD88760256}"
EndProject
Project("{FAE04EC0-301F-11D3-BF4B-00C04F79EFBC}") = "CertaboChessBoard", "EChessBoards\Certabo\ChessBoard\CertaboChessBoard.csproj", "{9CC15609-F971-4954-A978-9C4A7412173D}"
EndProject
Project("{2150E333-8FDC-42A3-9474-1A3956D46DE8}") = "MChessLink", "MChessLink", "{71E74DE3-D602-41A7-A754-EF4F51C21D23}"
EndProject
Project("{FAE04EC0-301F-11D3-BF4B-00C04F79EFBC}") = "MChessLinkChessBoard", "EChessBoards\MChessLink\MChessLinkChessBoard\MChessLinkChessBoard.csproj", "{D984142B-AF41-4348-A3E4-51FFB4D30502}"
EndProject
Project("{FAE04EC0-301F-11D3-BF4B-00C04F79EFBC}") = "MChessLinkEBoardWrapper", "EChessBoards\MChessLink\MChessLinkEBoardWrapper\MChessLinkEBoardWrapper\MChessLinkEBoardWrapper.csproj", "{43DB45B8-75B3-4877-9287-0007C8AE420D}"
EndProject
Project("{FAE04EC0-301F-11D3-BF4B-00C04F79EFBC}") = "BearChessTools", "BearChessTools\BearChessTools.csproj", "{58EAB818-7176-4BA9-A62A-AC2F27B089AE}"
EndProject
Project("{FAE04EC0-301F-11D3-BF4B-00C04F79EFBC}") = "BearChessDatabase", "BearChessDatabase\BearChessDatabase.csproj", "{FBC89B8A-E40D-4464-8AEB-CA963F7554AD}"
EndProject
Project("{FAE04EC0-301F-11D3-BF4B-00C04F79EFBC}") = "Teddy", "Teddy\Teddy.csproj", "{A05313C6-91FE-4B82-8FAD-6F6F66CF812A}"
EndProject
Project("{9A19103F-16F7-4668-BE54-9A1E7A4F7556}") = "Engine", "Engine\Engine.csproj", "{98C77D6D-470A-4A6D-B4BD-7965D6A82F29}"
EndProject
Project("{FAE04EC0-301F-11D3-BF4B-00C04F79EFBC}") = "BearChessTournament", "BearChessTournament\BearChessTournament.csproj", "{36A83FB3-F131-426B-AE74-CD36EF110658}"
EndProject
Project("{FAE04EC0-301F-11D3-BF4B-00C04F79EFBC}") = "UnitTestsCertaboBoard", "UnitTestsCertaboBoard\UnitTestsCertaboBoard.csproj", "{D38509BA-0F57-4891-8600-15F1EE77AE31}"
EndProject
Project("{FAE04EC0-301F-11D3-BF4B-00C04F79EFBC}") = "BearChessBTLETools", "BearChessBTLETools\BearChessBTLETools.csproj", "{C7F82597-F6CA-4B6C-8749-3CF04F1AA9BC}"
EndProject
Project("{FAE04EC0-301F-11D3-BF4B-00C04F79EFBC}") = "BearChessCommunication", "BearChessCommunication\BearChessCommunication.csproj", "{A8118CC3-827D-4635-8613-345B190EE763}"
EndProject
Project("{FAE04EC0-301F-11D3-BF4B-00C04F79EFBC}") = "BearChessBTTools", "BearChessBTTools\BearChessBTTools.csproj", "{60232D5E-5F8A-48D8-8429-B5003DC3E844}"
EndProject
Project("{FAE04EC0-301F-11D3-BF4B-00C04F79EFBC}") = "PegasusLoader", "PegasusLoader\PegasusLoader.csproj", "{C9E9E3B5-A30C-448D-A595-FC3E893AAA3F}"
EndProject
Project("{2150E333-8FDC-42A3-9474-1A3956D46DE8}") = "Pegasus", "Pegasus", "{9A35D13E-887A-48A5-8FD0-ECDB1054FDEC}"
EndProject
Project("{2150E333-8FDC-42A3-9474-1A3956D46DE8}") = "FICS", "FICS", "{CBB54A3D-3F97-42AA-A094-D81BB14B4814}"
EndProject
Project("{FAE04EC0-301F-11D3-BF4B-00C04F79EFBC}") = "FicsClient", "FICS\FicsClient\FicsClient.csproj", "{E5679EC7-D909-447B-BC28-2A158779DB23}"
EndProject
Project("{FAE04EC0-301F-11D3-BF4B-00C04F79EFBC}") = "UnitTestChessLink", "UnitTestChessLink\UnitTestChessLink.csproj", "{E1E09C23-4F71-49CB-932A-C81D6D478CB7}"
EndProject
Project("{2150E333-8FDC-42A3-9474-1A3956D46DE8}") = "SquareOff", "SquareOff", "{79045631-FD6D-4B3E-AA7F-6DFB7C657A59}"
EndProject
Project("{FAE04EC0-301F-11D3-BF4B-00C04F79EFBC}") = "SquareOffProLoader", "SquareOffProLoader\SquareOffProLoader.csproj", "{519D9A7A-B72F-4922-9341-445CD2FC9A85}"
EndProject
Project("{2150E333-8FDC-42A3-9474-1A3956D46DE8}") = "DGT", "DGT", "{5AFF6882-6AC6-40E1-A006-4EF97F87B8FA}"
EndProject
Project("{FAE04EC0-301F-11D3-BF4B-00C04F79EFBC}") = "DGTChessBoard", "EChessBoards\DGT\DGTChessBoard\DGTChessBoard.csproj", "{93D92AC0-72ED-42F6-9778-CE7F83BE7C6B}"
EndProject
Project("{FAE04EC0-301F-11D3-BF4B-00C04F79EFBC}") = "DGTEBoardWrapper", "EChessBoards\DGT\DGTEBoardWrapper\DGTEBoardWrapper.csproj", "{A44299EC-A6DA-497F-A8BE-CAC696CA18C7}"
EndProject
Project("{FAE04EC0-301F-11D3-BF4B-00C04F79EFBC}") = "PegasusChessBoard", "EChessBoards\DGT\PegasusChessBoard\PegasusChessBoard.csproj", "{2558F310-AD20-4993-9388-B1C44CFF4C40}"
EndProject
Project("{FAE04EC0-301F-11D3-BF4B-00C04F79EFBC}") = "PegasusEBoardWrapper", "EChessBoards\DGT\PegasusEBoardWrapper\PegasusEBoardWrapper.csproj", "{88439BE8-5467-4F82-BBA2-CD1C101F8BCA}"
EndProject
Project("{FAE04EC0-301F-11D3-BF4B-00C04F79EFBC}") = "SquareOffChessBoard", "EChessBoards\SquareOff\SquareOffChessBoard\SquareOffChessBoard.csproj", "{EF78A244-AD37-497F-B2DF-E2B5FED30CF6}"
EndProject
Project("{FAE04EC0-301F-11D3-BF4B-00C04F79EFBC}") = "SquareOffEBoardWrapper", "EChessBoards\SquareOff\SquareOffEBoardWrapper\SquareOffEBoardWrapper.csproj", "{13640649-4F20-45F2-9368-77B33FD31D1E}"
EndProject
Project("{FAE04EC0-301F-11D3-BF4B-00C04F79EFBC}") = "DGTLoader", "DGTLoader\DGTLoader.csproj", "{32EA5F2D-AE7B-4364-823E-8F0EAAF6D6EC}"
EndProject
Project("{2150E333-8FDC-42A3-9474-1A3956D46DE8}") = "Chessnut", "Chessnut", "{BA853A13-ADEA-4C35-A255-14B427759A49}"
EndProject
Project("{FAE04EC0-301F-11D3-BF4B-00C04F79EFBC}") = "ChessnutEBoardWrapper", "EChessBoards\Chessnut\ChessnutEBoardWrapper\ChessnutEBoardWrapper.csproj", "{B9B0DE3E-57F4-4D05-9B03-892B9CDDEF8F}"
EndProject
Project("{FAE04EC0-301F-11D3-BF4B-00C04F79EFBC}") = "ChessnutChessBoard", "EChessBoards\Chessnut\ChessnutEBoard\ChessnutChessBoard\ChessnutChessBoard.csproj", "{3B7651F1-E9EF-4EE0-9671-DFEEB2DDD64F}"
EndProject
Project("{FAE04EC0-301F-11D3-BF4B-00C04F79EFBC}") = "ChessnutAirLoader", "ChessnutAirLoader\ChessnutAirLoader.csproj", "{95124641-45A1-4C23-ACA7-ED7525718656}"
EndProject
Project("{FAE04EC0-301F-11D3-BF4B-00C04F79EFBC}") = "HidDriver", "HidDriver\HidDriver.csproj", "{33C08548-4BDD-4B0F-9BBE-12EDA4805F19}"
EndProject
Project("{2150E333-8FDC-42A3-9474-1A3956D46DE8}") = "UCB", "UCB", "{6EFB7DF1-D6DE-4CAF-BDD2-75C3C7C8B9C7}"
EndProject
Project("{FAE04EC0-301F-11D3-BF4B-00C04F79EFBC}") = "UCBLoader", "UCBLoader\UCBLoader.csproj", "{BE531507-ACD6-486A-BE1D-F688414C6B49}"
EndProject
Project("{FAE04EC0-301F-11D3-BF4B-00C04F79EFBC}") = "UCBChessBoard", "EChessBoards\UCB\UCBChessBoard\UCBChessBoard.csproj", "{CFA8B732-E407-497D-8DB2-7CA4898C6D8F}"
EndProject
Project("{FAE04EC0-301F-11D3-BF4B-00C04F79EFBC}") = "UCBEBoardWrapper", "EChessBoards\UCB\UCBEBoardWrapper\UCBEBoardWrapper.csproj", "{6FB5A83B-5579-42CE-9907-F60B38A0D213}"
EndProject
Global
	GlobalSection(SolutionConfigurationPlatforms) = preSolution
		Debug|Any CPU = Debug|Any CPU
		Debug|ARM = Debug|ARM
		Debug|ARM64 = Debug|ARM64
		Debug|x64 = Debug|x64
		Debug|x86 = Debug|x86
		Release|Any CPU = Release|Any CPU
		Release|ARM = Release|ARM
		Release|ARM64 = Release|ARM64
		Release|x64 = Release|x64
		Release|x86 = Release|x86
	EndGlobalSection
	GlobalSection(ProjectConfigurationPlatforms) = postSolution
		{141B2A0E-19B7-4FB4-AA02-B0D9C176FD4A}.Debug|Any CPU.ActiveCfg = Debug|Any CPU
		{141B2A0E-19B7-4FB4-AA02-B0D9C176FD4A}.Debug|Any CPU.Build.0 = Debug|Any CPU
		{141B2A0E-19B7-4FB4-AA02-B0D9C176FD4A}.Debug|ARM.ActiveCfg = Debug|Any CPU
		{141B2A0E-19B7-4FB4-AA02-B0D9C176FD4A}.Debug|ARM.Build.0 = Debug|Any CPU
		{141B2A0E-19B7-4FB4-AA02-B0D9C176FD4A}.Debug|ARM64.ActiveCfg = Debug|Any CPU
		{141B2A0E-19B7-4FB4-AA02-B0D9C176FD4A}.Debug|ARM64.Build.0 = Debug|Any CPU
		{141B2A0E-19B7-4FB4-AA02-B0D9C176FD4A}.Debug|x64.ActiveCfg = Debug|Any CPU
		{141B2A0E-19B7-4FB4-AA02-B0D9C176FD4A}.Debug|x64.Build.0 = Debug|Any CPU
		{141B2A0E-19B7-4FB4-AA02-B0D9C176FD4A}.Debug|x86.ActiveCfg = Debug|Any CPU
		{141B2A0E-19B7-4FB4-AA02-B0D9C176FD4A}.Debug|x86.Build.0 = Debug|Any CPU
		{141B2A0E-19B7-4FB4-AA02-B0D9C176FD4A}.Release|Any CPU.ActiveCfg = Release|Any CPU
		{141B2A0E-19B7-4FB4-AA02-B0D9C176FD4A}.Release|Any CPU.Build.0 = Release|Any CPU
		{141B2A0E-19B7-4FB4-AA02-B0D9C176FD4A}.Release|ARM.ActiveCfg = Release|Any CPU
		{141B2A0E-19B7-4FB4-AA02-B0D9C176FD4A}.Release|ARM.Build.0 = Release|Any CPU
		{141B2A0E-19B7-4FB4-AA02-B0D9C176FD4A}.Release|ARM64.ActiveCfg = Release|Any CPU
		{141B2A0E-19B7-4FB4-AA02-B0D9C176FD4A}.Release|ARM64.Build.0 = Release|Any CPU
		{141B2A0E-19B7-4FB4-AA02-B0D9C176FD4A}.Release|x64.ActiveCfg = Release|Any CPU
		{141B2A0E-19B7-4FB4-AA02-B0D9C176FD4A}.Release|x64.Build.0 = Release|Any CPU
		{141B2A0E-19B7-4FB4-AA02-B0D9C176FD4A}.Release|x86.ActiveCfg = Release|Any CPU
		{141B2A0E-19B7-4FB4-AA02-B0D9C176FD4A}.Release|x86.Build.0 = Release|Any CPU
		{72BAD856-2F5E-45DB-9FF1-42D68A4998F5}.Debug|Any CPU.ActiveCfg = Debug|Any CPU
		{72BAD856-2F5E-45DB-9FF1-42D68A4998F5}.Debug|Any CPU.Build.0 = Debug|Any CPU
		{72BAD856-2F5E-45DB-9FF1-42D68A4998F5}.Debug|ARM.ActiveCfg = Debug|Any CPU
		{72BAD856-2F5E-45DB-9FF1-42D68A4998F5}.Debug|ARM.Build.0 = Debug|Any CPU
		{72BAD856-2F5E-45DB-9FF1-42D68A4998F5}.Debug|ARM64.ActiveCfg = Debug|Any CPU
		{72BAD856-2F5E-45DB-9FF1-42D68A4998F5}.Debug|ARM64.Build.0 = Debug|Any CPU
		{72BAD856-2F5E-45DB-9FF1-42D68A4998F5}.Debug|x64.ActiveCfg = Debug|Any CPU
		{72BAD856-2F5E-45DB-9FF1-42D68A4998F5}.Debug|x64.Build.0 = Debug|Any CPU
		{72BAD856-2F5E-45DB-9FF1-42D68A4998F5}.Debug|x86.ActiveCfg = Debug|Any CPU
		{72BAD856-2F5E-45DB-9FF1-42D68A4998F5}.Debug|x86.Build.0 = Debug|Any CPU
		{72BAD856-2F5E-45DB-9FF1-42D68A4998F5}.Release|Any CPU.ActiveCfg = Release|Any CPU
		{72BAD856-2F5E-45DB-9FF1-42D68A4998F5}.Release|Any CPU.Build.0 = Release|Any CPU
		{72BAD856-2F5E-45DB-9FF1-42D68A4998F5}.Release|ARM.ActiveCfg = Release|Any CPU
		{72BAD856-2F5E-45DB-9FF1-42D68A4998F5}.Release|ARM.Build.0 = Release|Any CPU
		{72BAD856-2F5E-45DB-9FF1-42D68A4998F5}.Release|ARM64.ActiveCfg = Release|Any CPU
		{72BAD856-2F5E-45DB-9FF1-42D68A4998F5}.Release|ARM64.Build.0 = Release|Any CPU
		{72BAD856-2F5E-45DB-9FF1-42D68A4998F5}.Release|x64.ActiveCfg = Release|Any CPU
		{72BAD856-2F5E-45DB-9FF1-42D68A4998F5}.Release|x64.Build.0 = Release|Any CPU
		{72BAD856-2F5E-45DB-9FF1-42D68A4998F5}.Release|x86.ActiveCfg = Release|Any CPU
		{72BAD856-2F5E-45DB-9FF1-42D68A4998F5}.Release|x86.Build.0 = Release|Any CPU
		{83995312-32FC-4E12-910E-1AB3BFE6133F}.Debug|Any CPU.ActiveCfg = Debug|Any CPU
		{83995312-32FC-4E12-910E-1AB3BFE6133F}.Debug|Any CPU.Build.0 = Debug|Any CPU
		{83995312-32FC-4E12-910E-1AB3BFE6133F}.Debug|ARM.ActiveCfg = Debug|Any CPU
		{83995312-32FC-4E12-910E-1AB3BFE6133F}.Debug|ARM.Build.0 = Debug|Any CPU
		{83995312-32FC-4E12-910E-1AB3BFE6133F}.Debug|ARM64.ActiveCfg = Debug|Any CPU
		{83995312-32FC-4E12-910E-1AB3BFE6133F}.Debug|ARM64.Build.0 = Debug|Any CPU
		{83995312-32FC-4E12-910E-1AB3BFE6133F}.Debug|x64.ActiveCfg = Debug|Any CPU
		{83995312-32FC-4E12-910E-1AB3BFE6133F}.Debug|x64.Build.0 = Debug|Any CPU
		{83995312-32FC-4E12-910E-1AB3BFE6133F}.Debug|x86.ActiveCfg = Debug|Any CPU
		{83995312-32FC-4E12-910E-1AB3BFE6133F}.Debug|x86.Build.0 = Debug|Any CPU
		{83995312-32FC-4E12-910E-1AB3BFE6133F}.Release|Any CPU.ActiveCfg = Release|Any CPU
		{83995312-32FC-4E12-910E-1AB3BFE6133F}.Release|Any CPU.Build.0 = Release|Any CPU
		{83995312-32FC-4E12-910E-1AB3BFE6133F}.Release|ARM.ActiveCfg = Release|Any CPU
		{83995312-32FC-4E12-910E-1AB3BFE6133F}.Release|ARM.Build.0 = Release|Any CPU
		{83995312-32FC-4E12-910E-1AB3BFE6133F}.Release|ARM64.ActiveCfg = Release|Any CPU
		{83995312-32FC-4E12-910E-1AB3BFE6133F}.Release|ARM64.Build.0 = Release|Any CPU
		{83995312-32FC-4E12-910E-1AB3BFE6133F}.Release|x64.ActiveCfg = Release|Any CPU
		{83995312-32FC-4E12-910E-1AB3BFE6133F}.Release|x64.Build.0 = Release|Any CPU
		{83995312-32FC-4E12-910E-1AB3BFE6133F}.Release|x86.ActiveCfg = Release|Any CPU
		{83995312-32FC-4E12-910E-1AB3BFE6133F}.Release|x86.Build.0 = Release|Any CPU
		{420CB182-9AF0-4286-835C-0213A904765B}.Debug|Any CPU.ActiveCfg = Debug|Any CPU
		{420CB182-9AF0-4286-835C-0213A904765B}.Debug|Any CPU.Build.0 = Debug|Any CPU
		{420CB182-9AF0-4286-835C-0213A904765B}.Debug|ARM.ActiveCfg = Debug|Any CPU
		{420CB182-9AF0-4286-835C-0213A904765B}.Debug|ARM.Build.0 = Debug|Any CPU
		{420CB182-9AF0-4286-835C-0213A904765B}.Debug|ARM64.ActiveCfg = Debug|Any CPU
		{420CB182-9AF0-4286-835C-0213A904765B}.Debug|ARM64.Build.0 = Debug|Any CPU
		{420CB182-9AF0-4286-835C-0213A904765B}.Debug|x64.ActiveCfg = Debug|Any CPU
		{420CB182-9AF0-4286-835C-0213A904765B}.Debug|x64.Build.0 = Debug|Any CPU
		{420CB182-9AF0-4286-835C-0213A904765B}.Debug|x86.ActiveCfg = Debug|Any CPU
		{420CB182-9AF0-4286-835C-0213A904765B}.Debug|x86.Build.0 = Debug|Any CPU
		{420CB182-9AF0-4286-835C-0213A904765B}.Release|Any CPU.ActiveCfg = Release|Any CPU
		{420CB182-9AF0-4286-835C-0213A904765B}.Release|Any CPU.Build.0 = Release|Any CPU
		{420CB182-9AF0-4286-835C-0213A904765B}.Release|ARM.ActiveCfg = Release|Any CPU
		{420CB182-9AF0-4286-835C-0213A904765B}.Release|ARM.Build.0 = Release|Any CPU
		{420CB182-9AF0-4286-835C-0213A904765B}.Release|ARM64.ActiveCfg = Release|Any CPU
		{420CB182-9AF0-4286-835C-0213A904765B}.Release|ARM64.Build.0 = Release|Any CPU
		{420CB182-9AF0-4286-835C-0213A904765B}.Release|x64.ActiveCfg = Release|Any CPU
		{420CB182-9AF0-4286-835C-0213A904765B}.Release|x64.Build.0 = Release|Any CPU
		{420CB182-9AF0-4286-835C-0213A904765B}.Release|x86.ActiveCfg = Release|Any CPU
		{420CB182-9AF0-4286-835C-0213A904765B}.Release|x86.Build.0 = Release|Any CPU
		{A6BCDC78-1EDC-40C7-936F-880423360BA3}.Debug|Any CPU.ActiveCfg = Debug|Any CPU
		{A6BCDC78-1EDC-40C7-936F-880423360BA3}.Debug|Any CPU.Build.0 = Debug|Any CPU
		{A6BCDC78-1EDC-40C7-936F-880423360BA3}.Debug|ARM.ActiveCfg = Debug|Any CPU
		{A6BCDC78-1EDC-40C7-936F-880423360BA3}.Debug|ARM.Build.0 = Debug|Any CPU
		{A6BCDC78-1EDC-40C7-936F-880423360BA3}.Debug|ARM64.ActiveCfg = Debug|Any CPU
		{A6BCDC78-1EDC-40C7-936F-880423360BA3}.Debug|ARM64.Build.0 = Debug|Any CPU
		{A6BCDC78-1EDC-40C7-936F-880423360BA3}.Debug|x64.ActiveCfg = Debug|Any CPU
		{A6BCDC78-1EDC-40C7-936F-880423360BA3}.Debug|x64.Build.0 = Debug|Any CPU
		{A6BCDC78-1EDC-40C7-936F-880423360BA3}.Debug|x86.ActiveCfg = Debug|Any CPU
		{A6BCDC78-1EDC-40C7-936F-880423360BA3}.Debug|x86.Build.0 = Debug|Any CPU
		{A6BCDC78-1EDC-40C7-936F-880423360BA3}.Release|Any CPU.ActiveCfg = Release|Any CPU
		{A6BCDC78-1EDC-40C7-936F-880423360BA3}.Release|Any CPU.Build.0 = Release|Any CPU
		{A6BCDC78-1EDC-40C7-936F-880423360BA3}.Release|ARM.ActiveCfg = Release|Any CPU
		{A6BCDC78-1EDC-40C7-936F-880423360BA3}.Release|ARM.Build.0 = Release|Any CPU
		{A6BCDC78-1EDC-40C7-936F-880423360BA3}.Release|ARM64.ActiveCfg = Release|Any CPU
		{A6BCDC78-1EDC-40C7-936F-880423360BA3}.Release|ARM64.Build.0 = Release|Any CPU
		{A6BCDC78-1EDC-40C7-936F-880423360BA3}.Release|x64.ActiveCfg = Release|Any CPU
		{A6BCDC78-1EDC-40C7-936F-880423360BA3}.Release|x64.Build.0 = Release|Any CPU
		{A6BCDC78-1EDC-40C7-936F-880423360BA3}.Release|x86.ActiveCfg = Release|Any CPU
		{A6BCDC78-1EDC-40C7-936F-880423360BA3}.Release|x86.Build.0 = Release|Any CPU
		{FEE3096B-8A9C-496B-B7F5-03E733614DD2}.Debug|Any CPU.ActiveCfg = Debug|Any CPU
		{FEE3096B-8A9C-496B-B7F5-03E733614DD2}.Debug|Any CPU.Build.0 = Debug|Any CPU
		{FEE3096B-8A9C-496B-B7F5-03E733614DD2}.Debug|ARM.ActiveCfg = Debug|Any CPU
		{FEE3096B-8A9C-496B-B7F5-03E733614DD2}.Debug|ARM.Build.0 = Debug|Any CPU
		{FEE3096B-8A9C-496B-B7F5-03E733614DD2}.Debug|ARM64.ActiveCfg = Debug|Any CPU
		{FEE3096B-8A9C-496B-B7F5-03E733614DD2}.Debug|ARM64.Build.0 = Debug|Any CPU
		{FEE3096B-8A9C-496B-B7F5-03E733614DD2}.Debug|x64.ActiveCfg = Debug|Any CPU
		{FEE3096B-8A9C-496B-B7F5-03E733614DD2}.Debug|x64.Build.0 = Debug|Any CPU
		{FEE3096B-8A9C-496B-B7F5-03E733614DD2}.Debug|x86.ActiveCfg = Debug|Any CPU
		{FEE3096B-8A9C-496B-B7F5-03E733614DD2}.Debug|x86.Build.0 = Debug|Any CPU
		{FEE3096B-8A9C-496B-B7F5-03E733614DD2}.Release|Any CPU.ActiveCfg = Release|Any CPU
		{FEE3096B-8A9C-496B-B7F5-03E733614DD2}.Release|Any CPU.Build.0 = Release|Any CPU
		{FEE3096B-8A9C-496B-B7F5-03E733614DD2}.Release|ARM.ActiveCfg = Release|Any CPU
		{FEE3096B-8A9C-496B-B7F5-03E733614DD2}.Release|ARM.Build.0 = Release|Any CPU
		{FEE3096B-8A9C-496B-B7F5-03E733614DD2}.Release|ARM64.ActiveCfg = Release|Any CPU
		{FEE3096B-8A9C-496B-B7F5-03E733614DD2}.Release|ARM64.Build.0 = Release|Any CPU
		{FEE3096B-8A9C-496B-B7F5-03E733614DD2}.Release|x64.ActiveCfg = Release|Any CPU
		{FEE3096B-8A9C-496B-B7F5-03E733614DD2}.Release|x64.Build.0 = Release|Any CPU
		{FEE3096B-8A9C-496B-B7F5-03E733614DD2}.Release|x86.ActiveCfg = Release|Any CPU
		{FEE3096B-8A9C-496B-B7F5-03E733614DD2}.Release|x86.Build.0 = Release|Any CPU
		{40462629-633B-4944-873D-5BEED2A60D88}.Debug|Any CPU.ActiveCfg = Debug|Any CPU
		{40462629-633B-4944-873D-5BEED2A60D88}.Debug|Any CPU.Build.0 = Debug|Any CPU
		{40462629-633B-4944-873D-5BEED2A60D88}.Debug|ARM.ActiveCfg = Debug|Any CPU
		{40462629-633B-4944-873D-5BEED2A60D88}.Debug|ARM.Build.0 = Debug|Any CPU
		{40462629-633B-4944-873D-5BEED2A60D88}.Debug|ARM64.ActiveCfg = Debug|Any CPU
		{40462629-633B-4944-873D-5BEED2A60D88}.Debug|ARM64.Build.0 = Debug|Any CPU
		{40462629-633B-4944-873D-5BEED2A60D88}.Debug|x64.ActiveCfg = Debug|Any CPU
		{40462629-633B-4944-873D-5BEED2A60D88}.Debug|x64.Build.0 = Debug|Any CPU
		{40462629-633B-4944-873D-5BEED2A60D88}.Debug|x86.ActiveCfg = Debug|Any CPU
		{40462629-633B-4944-873D-5BEED2A60D88}.Debug|x86.Build.0 = Debug|Any CPU
		{40462629-633B-4944-873D-5BEED2A60D88}.Release|Any CPU.ActiveCfg = Release|Any CPU
		{40462629-633B-4944-873D-5BEED2A60D88}.Release|Any CPU.Build.0 = Release|Any CPU
		{40462629-633B-4944-873D-5BEED2A60D88}.Release|ARM.ActiveCfg = Release|Any CPU
		{40462629-633B-4944-873D-5BEED2A60D88}.Release|ARM.Build.0 = Release|Any CPU
		{40462629-633B-4944-873D-5BEED2A60D88}.Release|ARM64.ActiveCfg = Release|Any CPU
		{40462629-633B-4944-873D-5BEED2A60D88}.Release|ARM64.Build.0 = Release|Any CPU
		{40462629-633B-4944-873D-5BEED2A60D88}.Release|x64.ActiveCfg = Release|Any CPU
		{40462629-633B-4944-873D-5BEED2A60D88}.Release|x64.Build.0 = Release|Any CPU
		{40462629-633B-4944-873D-5BEED2A60D88}.Release|x86.ActiveCfg = Release|Any CPU
		{40462629-633B-4944-873D-5BEED2A60D88}.Release|x86.Build.0 = Release|Any CPU
		{66AB214E-2281-4D97-99C7-B54B0E31DF1A}.Debug|Any CPU.ActiveCfg = Debug|Any CPU
		{66AB214E-2281-4D97-99C7-B54B0E31DF1A}.Debug|Any CPU.Build.0 = Debug|Any CPU
		{66AB214E-2281-4D97-99C7-B54B0E31DF1A}.Debug|ARM.ActiveCfg = Debug|Any CPU
		{66AB214E-2281-4D97-99C7-B54B0E31DF1A}.Debug|ARM.Build.0 = Debug|Any CPU
		{66AB214E-2281-4D97-99C7-B54B0E31DF1A}.Debug|ARM64.ActiveCfg = Debug|Any CPU
		{66AB214E-2281-4D97-99C7-B54B0E31DF1A}.Debug|ARM64.Build.0 = Debug|Any CPU
		{66AB214E-2281-4D97-99C7-B54B0E31DF1A}.Debug|x64.ActiveCfg = Debug|Any CPU
		{66AB214E-2281-4D97-99C7-B54B0E31DF1A}.Debug|x64.Build.0 = Debug|Any CPU
		{66AB214E-2281-4D97-99C7-B54B0E31DF1A}.Debug|x86.ActiveCfg = Debug|Any CPU
		{66AB214E-2281-4D97-99C7-B54B0E31DF1A}.Debug|x86.Build.0 = Debug|Any CPU
		{66AB214E-2281-4D97-99C7-B54B0E31DF1A}.Release|Any CPU.ActiveCfg = Release|Any CPU
		{66AB214E-2281-4D97-99C7-B54B0E31DF1A}.Release|Any CPU.Build.0 = Release|Any CPU
		{66AB214E-2281-4D97-99C7-B54B0E31DF1A}.Release|ARM.ActiveCfg = Release|Any CPU
		{66AB214E-2281-4D97-99C7-B54B0E31DF1A}.Release|ARM.Build.0 = Release|Any CPU
		{66AB214E-2281-4D97-99C7-B54B0E31DF1A}.Release|ARM64.ActiveCfg = Release|Any CPU
		{66AB214E-2281-4D97-99C7-B54B0E31DF1A}.Release|ARM64.Build.0 = Release|Any CPU
		{66AB214E-2281-4D97-99C7-B54B0E31DF1A}.Release|x64.ActiveCfg = Release|Any CPU
		{66AB214E-2281-4D97-99C7-B54B0E31DF1A}.Release|x64.Build.0 = Release|Any CPU
		{66AB214E-2281-4D97-99C7-B54B0E31DF1A}.Release|x86.ActiveCfg = Release|Any CPU
		{66AB214E-2281-4D97-99C7-B54B0E31DF1A}.Release|x86.Build.0 = Release|Any CPU
		{E2B652F0-1692-459A-BCA5-C5BD88760256}.Debug|Any CPU.ActiveCfg = Debug|Any CPU
		{E2B652F0-1692-459A-BCA5-C5BD88760256}.Debug|Any CPU.Build.0 = Debug|Any CPU
		{E2B652F0-1692-459A-BCA5-C5BD88760256}.Debug|ARM.ActiveCfg = Debug|Any CPU
		{E2B652F0-1692-459A-BCA5-C5BD88760256}.Debug|ARM.Build.0 = Debug|Any CPU
		{E2B652F0-1692-459A-BCA5-C5BD88760256}.Debug|ARM64.ActiveCfg = Debug|Any CPU
		{E2B652F0-1692-459A-BCA5-C5BD88760256}.Debug|ARM64.Build.0 = Debug|Any CPU
		{E2B652F0-1692-459A-BCA5-C5BD88760256}.Debug|x64.ActiveCfg = Debug|Any CPU
		{E2B652F0-1692-459A-BCA5-C5BD88760256}.Debug|x64.Build.0 = Debug|Any CPU
		{E2B652F0-1692-459A-BCA5-C5BD88760256}.Debug|x86.ActiveCfg = Debug|Any CPU
		{E2B652F0-1692-459A-BCA5-C5BD88760256}.Debug|x86.Build.0 = Debug|Any CPU
		{E2B652F0-1692-459A-BCA5-C5BD88760256}.Release|Any CPU.ActiveCfg = Release|Any CPU
		{E2B652F0-1692-459A-BCA5-C5BD88760256}.Release|Any CPU.Build.0 = Release|Any CPU
		{E2B652F0-1692-459A-BCA5-C5BD88760256}.Release|ARM.ActiveCfg = Release|Any CPU
		{E2B652F0-1692-459A-BCA5-C5BD88760256}.Release|ARM.Build.0 = Release|Any CPU
		{E2B652F0-1692-459A-BCA5-C5BD88760256}.Release|ARM64.ActiveCfg = Release|Any CPU
		{E2B652F0-1692-459A-BCA5-C5BD88760256}.Release|ARM64.Build.0 = Release|Any CPU
		{E2B652F0-1692-459A-BCA5-C5BD88760256}.Release|x64.ActiveCfg = Release|Any CPU
		{E2B652F0-1692-459A-BCA5-C5BD88760256}.Release|x64.Build.0 = Release|Any CPU
		{E2B652F0-1692-459A-BCA5-C5BD88760256}.Release|x86.ActiveCfg = Release|Any CPU
		{E2B652F0-1692-459A-BCA5-C5BD88760256}.Release|x86.Build.0 = Release|Any CPU
		{9CC15609-F971-4954-A978-9C4A7412173D}.Debug|Any CPU.ActiveCfg = Debug|Any CPU
		{9CC15609-F971-4954-A978-9C4A7412173D}.Debug|Any CPU.Build.0 = Debug|Any CPU
		{9CC15609-F971-4954-A978-9C4A7412173D}.Debug|ARM.ActiveCfg = Debug|Any CPU
		{9CC15609-F971-4954-A978-9C4A7412173D}.Debug|ARM.Build.0 = Debug|Any CPU
		{9CC15609-F971-4954-A978-9C4A7412173D}.Debug|ARM64.ActiveCfg = Debug|Any CPU
		{9CC15609-F971-4954-A978-9C4A7412173D}.Debug|ARM64.Build.0 = Debug|Any CPU
		{9CC15609-F971-4954-A978-9C4A7412173D}.Debug|x64.ActiveCfg = Debug|Any CPU
		{9CC15609-F971-4954-A978-9C4A7412173D}.Debug|x64.Build.0 = Debug|Any CPU
		{9CC15609-F971-4954-A978-9C4A7412173D}.Debug|x86.ActiveCfg = Debug|Any CPU
		{9CC15609-F971-4954-A978-9C4A7412173D}.Debug|x86.Build.0 = Debug|Any CPU
		{9CC15609-F971-4954-A978-9C4A7412173D}.Release|Any CPU.ActiveCfg = Release|Any CPU
		{9CC15609-F971-4954-A978-9C4A7412173D}.Release|Any CPU.Build.0 = Release|Any CPU
		{9CC15609-F971-4954-A978-9C4A7412173D}.Release|ARM.ActiveCfg = Release|Any CPU
		{9CC15609-F971-4954-A978-9C4A7412173D}.Release|ARM.Build.0 = Release|Any CPU
		{9CC15609-F971-4954-A978-9C4A7412173D}.Release|ARM64.ActiveCfg = Release|Any CPU
		{9CC15609-F971-4954-A978-9C4A7412173D}.Release|ARM64.Build.0 = Release|Any CPU
		{9CC15609-F971-4954-A978-9C4A7412173D}.Release|x64.ActiveCfg = Release|Any CPU
		{9CC15609-F971-4954-A978-9C4A7412173D}.Release|x64.Build.0 = Release|Any CPU
		{9CC15609-F971-4954-A978-9C4A7412173D}.Release|x86.ActiveCfg = Release|Any CPU
		{9CC15609-F971-4954-A978-9C4A7412173D}.Release|x86.Build.0 = Release|Any CPU
		{D984142B-AF41-4348-A3E4-51FFB4D30502}.Debug|Any CPU.ActiveCfg = Debug|Any CPU
		{D984142B-AF41-4348-A3E4-51FFB4D30502}.Debug|Any CPU.Build.0 = Debug|Any CPU
		{D984142B-AF41-4348-A3E4-51FFB4D30502}.Debug|ARM.ActiveCfg = Debug|Any CPU
		{D984142B-AF41-4348-A3E4-51FFB4D30502}.Debug|ARM.Build.0 = Debug|Any CPU
		{D984142B-AF41-4348-A3E4-51FFB4D30502}.Debug|ARM64.ActiveCfg = Debug|Any CPU
		{D984142B-AF41-4348-A3E4-51FFB4D30502}.Debug|ARM64.Build.0 = Debug|Any CPU
		{D984142B-AF41-4348-A3E4-51FFB4D30502}.Debug|x64.ActiveCfg = Debug|Any CPU
		{D984142B-AF41-4348-A3E4-51FFB4D30502}.Debug|x64.Build.0 = Debug|Any CPU
		{D984142B-AF41-4348-A3E4-51FFB4D30502}.Debug|x86.ActiveCfg = Debug|Any CPU
		{D984142B-AF41-4348-A3E4-51FFB4D30502}.Debug|x86.Build.0 = Debug|Any CPU
		{D984142B-AF41-4348-A3E4-51FFB4D30502}.Release|Any CPU.ActiveCfg = Release|Any CPU
		{D984142B-AF41-4348-A3E4-51FFB4D30502}.Release|Any CPU.Build.0 = Release|Any CPU
		{D984142B-AF41-4348-A3E4-51FFB4D30502}.Release|ARM.ActiveCfg = Release|Any CPU
		{D984142B-AF41-4348-A3E4-51FFB4D30502}.Release|ARM.Build.0 = Release|Any CPU
		{D984142B-AF41-4348-A3E4-51FFB4D30502}.Release|ARM64.ActiveCfg = Release|Any CPU
		{D984142B-AF41-4348-A3E4-51FFB4D30502}.Release|ARM64.Build.0 = Release|Any CPU
		{D984142B-AF41-4348-A3E4-51FFB4D30502}.Release|x64.ActiveCfg = Release|Any CPU
		{D984142B-AF41-4348-A3E4-51FFB4D30502}.Release|x64.Build.0 = Release|Any CPU
		{D984142B-AF41-4348-A3E4-51FFB4D30502}.Release|x86.ActiveCfg = Release|Any CPU
		{D984142B-AF41-4348-A3E4-51FFB4D30502}.Release|x86.Build.0 = Release|Any CPU
		{43DB45B8-75B3-4877-9287-0007C8AE420D}.Debug|Any CPU.ActiveCfg = Debug|Any CPU
		{43DB45B8-75B3-4877-9287-0007C8AE420D}.Debug|Any CPU.Build.0 = Debug|Any CPU
		{43DB45B8-75B3-4877-9287-0007C8AE420D}.Debug|ARM.ActiveCfg = Debug|Any CPU
		{43DB45B8-75B3-4877-9287-0007C8AE420D}.Debug|ARM.Build.0 = Debug|Any CPU
		{43DB45B8-75B3-4877-9287-0007C8AE420D}.Debug|ARM64.ActiveCfg = Debug|Any CPU
		{43DB45B8-75B3-4877-9287-0007C8AE420D}.Debug|ARM64.Build.0 = Debug|Any CPU
		{43DB45B8-75B3-4877-9287-0007C8AE420D}.Debug|x64.ActiveCfg = Debug|Any CPU
		{43DB45B8-75B3-4877-9287-0007C8AE420D}.Debug|x64.Build.0 = Debug|Any CPU
		{43DB45B8-75B3-4877-9287-0007C8AE420D}.Debug|x86.ActiveCfg = Debug|Any CPU
		{43DB45B8-75B3-4877-9287-0007C8AE420D}.Debug|x86.Build.0 = Debug|Any CPU
		{43DB45B8-75B3-4877-9287-0007C8AE420D}.Release|Any CPU.ActiveCfg = Release|Any CPU
		{43DB45B8-75B3-4877-9287-0007C8AE420D}.Release|Any CPU.Build.0 = Release|Any CPU
		{43DB45B8-75B3-4877-9287-0007C8AE420D}.Release|ARM.ActiveCfg = Release|Any CPU
		{43DB45B8-75B3-4877-9287-0007C8AE420D}.Release|ARM.Build.0 = Release|Any CPU
		{43DB45B8-75B3-4877-9287-0007C8AE420D}.Release|ARM64.ActiveCfg = Release|Any CPU
		{43DB45B8-75B3-4877-9287-0007C8AE420D}.Release|ARM64.Build.0 = Release|Any CPU
		{43DB45B8-75B3-4877-9287-0007C8AE420D}.Release|x64.ActiveCfg = Release|Any CPU
		{43DB45B8-75B3-4877-9287-0007C8AE420D}.Release|x64.Build.0 = Release|Any CPU
		{43DB45B8-75B3-4877-9287-0007C8AE420D}.Release|x86.ActiveCfg = Release|Any CPU
		{43DB45B8-75B3-4877-9287-0007C8AE420D}.Release|x86.Build.0 = Release|Any CPU
		{58EAB818-7176-4BA9-A62A-AC2F27B089AE}.Debug|Any CPU.ActiveCfg = Debug|Any CPU
		{58EAB818-7176-4BA9-A62A-AC2F27B089AE}.Debug|Any CPU.Build.0 = Debug|Any CPU
		{58EAB818-7176-4BA9-A62A-AC2F27B089AE}.Debug|ARM.ActiveCfg = Debug|Any CPU
		{58EAB818-7176-4BA9-A62A-AC2F27B089AE}.Debug|ARM.Build.0 = Debug|Any CPU
		{58EAB818-7176-4BA9-A62A-AC2F27B089AE}.Debug|ARM64.ActiveCfg = Debug|Any CPU
		{58EAB818-7176-4BA9-A62A-AC2F27B089AE}.Debug|ARM64.Build.0 = Debug|Any CPU
		{58EAB818-7176-4BA9-A62A-AC2F27B089AE}.Debug|x64.ActiveCfg = Debug|Any CPU
		{58EAB818-7176-4BA9-A62A-AC2F27B089AE}.Debug|x64.Build.0 = Debug|Any CPU
		{58EAB818-7176-4BA9-A62A-AC2F27B089AE}.Debug|x86.ActiveCfg = Debug|Any CPU
		{58EAB818-7176-4BA9-A62A-AC2F27B089AE}.Debug|x86.Build.0 = Debug|Any CPU
		{58EAB818-7176-4BA9-A62A-AC2F27B089AE}.Release|Any CPU.ActiveCfg = Release|Any CPU
		{58EAB818-7176-4BA9-A62A-AC2F27B089AE}.Release|Any CPU.Build.0 = Release|Any CPU
		{58EAB818-7176-4BA9-A62A-AC2F27B089AE}.Release|ARM.ActiveCfg = Release|Any CPU
		{58EAB818-7176-4BA9-A62A-AC2F27B089AE}.Release|ARM.Build.0 = Release|Any CPU
		{58EAB818-7176-4BA9-A62A-AC2F27B089AE}.Release|ARM64.ActiveCfg = Release|Any CPU
		{58EAB818-7176-4BA9-A62A-AC2F27B089AE}.Release|ARM64.Build.0 = Release|Any CPU
		{58EAB818-7176-4BA9-A62A-AC2F27B089AE}.Release|x64.ActiveCfg = Release|Any CPU
		{58EAB818-7176-4BA9-A62A-AC2F27B089AE}.Release|x64.Build.0 = Release|Any CPU
		{58EAB818-7176-4BA9-A62A-AC2F27B089AE}.Release|x86.ActiveCfg = Release|Any CPU
		{58EAB818-7176-4BA9-A62A-AC2F27B089AE}.Release|x86.Build.0 = Release|Any CPU
		{FBC89B8A-E40D-4464-8AEB-CA963F7554AD}.Debug|Any CPU.ActiveCfg = Debug|Any CPU
		{FBC89B8A-E40D-4464-8AEB-CA963F7554AD}.Debug|Any CPU.Build.0 = Debug|Any CPU
		{FBC89B8A-E40D-4464-8AEB-CA963F7554AD}.Debug|ARM.ActiveCfg = Debug|Any CPU
		{FBC89B8A-E40D-4464-8AEB-CA963F7554AD}.Debug|ARM.Build.0 = Debug|Any CPU
		{FBC89B8A-E40D-4464-8AEB-CA963F7554AD}.Debug|ARM64.ActiveCfg = Debug|Any CPU
		{FBC89B8A-E40D-4464-8AEB-CA963F7554AD}.Debug|ARM64.Build.0 = Debug|Any CPU
		{FBC89B8A-E40D-4464-8AEB-CA963F7554AD}.Debug|x64.ActiveCfg = Debug|Any CPU
		{FBC89B8A-E40D-4464-8AEB-CA963F7554AD}.Debug|x64.Build.0 = Debug|Any CPU
		{FBC89B8A-E40D-4464-8AEB-CA963F7554AD}.Debug|x86.ActiveCfg = Debug|Any CPU
		{FBC89B8A-E40D-4464-8AEB-CA963F7554AD}.Debug|x86.Build.0 = Debug|Any CPU
		{FBC89B8A-E40D-4464-8AEB-CA963F7554AD}.Release|Any CPU.ActiveCfg = Release|Any CPU
		{FBC89B8A-E40D-4464-8AEB-CA963F7554AD}.Release|Any CPU.Build.0 = Release|Any CPU
		{FBC89B8A-E40D-4464-8AEB-CA963F7554AD}.Release|ARM.ActiveCfg = Release|Any CPU
		{FBC89B8A-E40D-4464-8AEB-CA963F7554AD}.Release|ARM.Build.0 = Release|Any CPU
		{FBC89B8A-E40D-4464-8AEB-CA963F7554AD}.Release|ARM64.ActiveCfg = Release|Any CPU
		{FBC89B8A-E40D-4464-8AEB-CA963F7554AD}.Release|ARM64.Build.0 = Release|Any CPU
		{FBC89B8A-E40D-4464-8AEB-CA963F7554AD}.Release|x64.ActiveCfg = Release|Any CPU
		{FBC89B8A-E40D-4464-8AEB-CA963F7554AD}.Release|x64.Build.0 = Release|Any CPU
		{FBC89B8A-E40D-4464-8AEB-CA963F7554AD}.Release|x86.ActiveCfg = Release|Any CPU
		{FBC89B8A-E40D-4464-8AEB-CA963F7554AD}.Release|x86.Build.0 = Release|Any CPU
		{A05313C6-91FE-4B82-8FAD-6F6F66CF812A}.Debug|Any CPU.ActiveCfg = Debug|Any CPU
		{A05313C6-91FE-4B82-8FAD-6F6F66CF812A}.Debug|Any CPU.Build.0 = Debug|Any CPU
		{A05313C6-91FE-4B82-8FAD-6F6F66CF812A}.Debug|ARM.ActiveCfg = Debug|Any CPU
		{A05313C6-91FE-4B82-8FAD-6F6F66CF812A}.Debug|ARM.Build.0 = Debug|Any CPU
		{A05313C6-91FE-4B82-8FAD-6F6F66CF812A}.Debug|ARM64.ActiveCfg = Debug|Any CPU
		{A05313C6-91FE-4B82-8FAD-6F6F66CF812A}.Debug|ARM64.Build.0 = Debug|Any CPU
		{A05313C6-91FE-4B82-8FAD-6F6F66CF812A}.Debug|x64.ActiveCfg = Debug|Any CPU
		{A05313C6-91FE-4B82-8FAD-6F6F66CF812A}.Debug|x64.Build.0 = Debug|Any CPU
		{A05313C6-91FE-4B82-8FAD-6F6F66CF812A}.Debug|x86.ActiveCfg = Debug|Any CPU
		{A05313C6-91FE-4B82-8FAD-6F6F66CF812A}.Debug|x86.Build.0 = Debug|Any CPU
		{A05313C6-91FE-4B82-8FAD-6F6F66CF812A}.Release|Any CPU.ActiveCfg = Release|Any CPU
		{A05313C6-91FE-4B82-8FAD-6F6F66CF812A}.Release|Any CPU.Build.0 = Release|Any CPU
		{A05313C6-91FE-4B82-8FAD-6F6F66CF812A}.Release|ARM.ActiveCfg = Release|Any CPU
		{A05313C6-91FE-4B82-8FAD-6F6F66CF812A}.Release|ARM.Build.0 = Release|Any CPU
		{A05313C6-91FE-4B82-8FAD-6F6F66CF812A}.Release|ARM64.ActiveCfg = Release|Any CPU
		{A05313C6-91FE-4B82-8FAD-6F6F66CF812A}.Release|ARM64.Build.0 = Release|Any CPU
		{A05313C6-91FE-4B82-8FAD-6F6F66CF812A}.Release|x64.ActiveCfg = Release|Any CPU
		{A05313C6-91FE-4B82-8FAD-6F6F66CF812A}.Release|x64.Build.0 = Release|Any CPU
		{A05313C6-91FE-4B82-8FAD-6F6F66CF812A}.Release|x86.ActiveCfg = Release|Any CPU
		{A05313C6-91FE-4B82-8FAD-6F6F66CF812A}.Release|x86.Build.0 = Release|Any CPU
		{98C77D6D-470A-4A6D-B4BD-7965D6A82F29}.Debug|Any CPU.ActiveCfg = Debug|Any CPU
		{98C77D6D-470A-4A6D-B4BD-7965D6A82F29}.Debug|Any CPU.Build.0 = Debug|Any CPU
		{98C77D6D-470A-4A6D-B4BD-7965D6A82F29}.Debug|ARM.ActiveCfg = Debug|Any CPU
		{98C77D6D-470A-4A6D-B4BD-7965D6A82F29}.Debug|ARM.Build.0 = Debug|Any CPU
		{98C77D6D-470A-4A6D-B4BD-7965D6A82F29}.Debug|ARM64.ActiveCfg = Debug|Any CPU
		{98C77D6D-470A-4A6D-B4BD-7965D6A82F29}.Debug|ARM64.Build.0 = Debug|Any CPU
		{98C77D6D-470A-4A6D-B4BD-7965D6A82F29}.Debug|x64.ActiveCfg = Debug|Any CPU
		{98C77D6D-470A-4A6D-B4BD-7965D6A82F29}.Debug|x64.Build.0 = Debug|Any CPU
		{98C77D6D-470A-4A6D-B4BD-7965D6A82F29}.Debug|x86.ActiveCfg = Debug|Any CPU
		{98C77D6D-470A-4A6D-B4BD-7965D6A82F29}.Debug|x86.Build.0 = Debug|Any CPU
		{98C77D6D-470A-4A6D-B4BD-7965D6A82F29}.Release|Any CPU.ActiveCfg = Release|Any CPU
		{98C77D6D-470A-4A6D-B4BD-7965D6A82F29}.Release|Any CPU.Build.0 = Release|Any CPU
		{98C77D6D-470A-4A6D-B4BD-7965D6A82F29}.Release|ARM.ActiveCfg = Release|Any CPU
		{98C77D6D-470A-4A6D-B4BD-7965D6A82F29}.Release|ARM.Build.0 = Release|Any CPU
		{98C77D6D-470A-4A6D-B4BD-7965D6A82F29}.Release|ARM64.ActiveCfg = Release|Any CPU
		{98C77D6D-470A-4A6D-B4BD-7965D6A82F29}.Release|ARM64.Build.0 = Release|Any CPU
		{98C77D6D-470A-4A6D-B4BD-7965D6A82F29}.Release|x64.ActiveCfg = Release|Any CPU
		{98C77D6D-470A-4A6D-B4BD-7965D6A82F29}.Release|x64.Build.0 = Release|Any CPU
		{98C77D6D-470A-4A6D-B4BD-7965D6A82F29}.Release|x86.ActiveCfg = Release|Any CPU
		{98C77D6D-470A-4A6D-B4BD-7965D6A82F29}.Release|x86.Build.0 = Release|Any CPU
		{36A83FB3-F131-426B-AE74-CD36EF110658}.Debug|Any CPU.ActiveCfg = Debug|Any CPU
		{36A83FB3-F131-426B-AE74-CD36EF110658}.Debug|Any CPU.Build.0 = Debug|Any CPU
		{36A83FB3-F131-426B-AE74-CD36EF110658}.Debug|ARM.ActiveCfg = Debug|Any CPU
		{36A83FB3-F131-426B-AE74-CD36EF110658}.Debug|ARM.Build.0 = Debug|Any CPU
		{36A83FB3-F131-426B-AE74-CD36EF110658}.Debug|ARM64.ActiveCfg = Debug|Any CPU
		{36A83FB3-F131-426B-AE74-CD36EF110658}.Debug|ARM64.Build.0 = Debug|Any CPU
		{36A83FB3-F131-426B-AE74-CD36EF110658}.Debug|x64.ActiveCfg = Debug|Any CPU
		{36A83FB3-F131-426B-AE74-CD36EF110658}.Debug|x64.Build.0 = Debug|Any CPU
		{36A83FB3-F131-426B-AE74-CD36EF110658}.Debug|x86.ActiveCfg = Debug|Any CPU
		{36A83FB3-F131-426B-AE74-CD36EF110658}.Debug|x86.Build.0 = Debug|Any CPU
		{36A83FB3-F131-426B-AE74-CD36EF110658}.Release|Any CPU.ActiveCfg = Release|Any CPU
		{36A83FB3-F131-426B-AE74-CD36EF110658}.Release|Any CPU.Build.0 = Release|Any CPU
		{36A83FB3-F131-426B-AE74-CD36EF110658}.Release|ARM.ActiveCfg = Release|Any CPU
		{36A83FB3-F131-426B-AE74-CD36EF110658}.Release|ARM.Build.0 = Release|Any CPU
		{36A83FB3-F131-426B-AE74-CD36EF110658}.Release|ARM64.ActiveCfg = Release|Any CPU
		{36A83FB3-F131-426B-AE74-CD36EF110658}.Release|ARM64.Build.0 = Release|Any CPU
		{36A83FB3-F131-426B-AE74-CD36EF110658}.Release|x64.ActiveCfg = Release|Any CPU
		{36A83FB3-F131-426B-AE74-CD36EF110658}.Release|x64.Build.0 = Release|Any CPU
		{36A83FB3-F131-426B-AE74-CD36EF110658}.Release|x86.ActiveCfg = Release|Any CPU
		{36A83FB3-F131-426B-AE74-CD36EF110658}.Release|x86.Build.0 = Release|Any CPU
		{D38509BA-0F57-4891-8600-15F1EE77AE31}.Debug|Any CPU.ActiveCfg = Debug|Any CPU
		{D38509BA-0F57-4891-8600-15F1EE77AE31}.Debug|Any CPU.Build.0 = Debug|Any CPU
		{D38509BA-0F57-4891-8600-15F1EE77AE31}.Debug|ARM.ActiveCfg = Debug|Any CPU
		{D38509BA-0F57-4891-8600-15F1EE77AE31}.Debug|ARM.Build.0 = Debug|Any CPU
		{D38509BA-0F57-4891-8600-15F1EE77AE31}.Debug|ARM64.ActiveCfg = Debug|Any CPU
		{D38509BA-0F57-4891-8600-15F1EE77AE31}.Debug|ARM64.Build.0 = Debug|Any CPU
		{D38509BA-0F57-4891-8600-15F1EE77AE31}.Debug|x64.ActiveCfg = Debug|Any CPU
		{D38509BA-0F57-4891-8600-15F1EE77AE31}.Debug|x64.Build.0 = Debug|Any CPU
		{D38509BA-0F57-4891-8600-15F1EE77AE31}.Debug|x86.ActiveCfg = Debug|Any CPU
		{D38509BA-0F57-4891-8600-15F1EE77AE31}.Debug|x86.Build.0 = Debug|Any CPU
		{D38509BA-0F57-4891-8600-15F1EE77AE31}.Release|Any CPU.ActiveCfg = Release|Any CPU
		{D38509BA-0F57-4891-8600-15F1EE77AE31}.Release|Any CPU.Build.0 = Release|Any CPU
		{D38509BA-0F57-4891-8600-15F1EE77AE31}.Release|ARM.ActiveCfg = Release|Any CPU
		{D38509BA-0F57-4891-8600-15F1EE77AE31}.Release|ARM.Build.0 = Release|Any CPU
		{D38509BA-0F57-4891-8600-15F1EE77AE31}.Release|ARM64.ActiveCfg = Release|Any CPU
		{D38509BA-0F57-4891-8600-15F1EE77AE31}.Release|ARM64.Build.0 = Release|Any CPU
		{D38509BA-0F57-4891-8600-15F1EE77AE31}.Release|x64.ActiveCfg = Release|Any CPU
		{D38509BA-0F57-4891-8600-15F1EE77AE31}.Release|x64.Build.0 = Release|Any CPU
		{D38509BA-0F57-4891-8600-15F1EE77AE31}.Release|x86.ActiveCfg = Release|Any CPU
		{D38509BA-0F57-4891-8600-15F1EE77AE31}.Release|x86.Build.0 = Release|Any CPU
		{C7F82597-F6CA-4B6C-8749-3CF04F1AA9BC}.Debug|Any CPU.ActiveCfg = Debug|Any CPU
		{C7F82597-F6CA-4B6C-8749-3CF04F1AA9BC}.Debug|Any CPU.Build.0 = Debug|Any CPU
		{C7F82597-F6CA-4B6C-8749-3CF04F1AA9BC}.Debug|ARM.ActiveCfg = Debug|Any CPU
		{C7F82597-F6CA-4B6C-8749-3CF04F1AA9BC}.Debug|ARM.Build.0 = Debug|Any CPU
		{C7F82597-F6CA-4B6C-8749-3CF04F1AA9BC}.Debug|ARM64.ActiveCfg = Debug|Any CPU
		{C7F82597-F6CA-4B6C-8749-3CF04F1AA9BC}.Debug|ARM64.Build.0 = Debug|Any CPU
		{C7F82597-F6CA-4B6C-8749-3CF04F1AA9BC}.Debug|x64.ActiveCfg = Debug|Any CPU
		{C7F82597-F6CA-4B6C-8749-3CF04F1AA9BC}.Debug|x64.Build.0 = Debug|Any CPU
		{C7F82597-F6CA-4B6C-8749-3CF04F1AA9BC}.Debug|x86.ActiveCfg = Debug|Any CPU
		{C7F82597-F6CA-4B6C-8749-3CF04F1AA9BC}.Debug|x86.Build.0 = Debug|Any CPU
		{C7F82597-F6CA-4B6C-8749-3CF04F1AA9BC}.Release|Any CPU.ActiveCfg = Release|Any CPU
		{C7F82597-F6CA-4B6C-8749-3CF04F1AA9BC}.Release|Any CPU.Build.0 = Release|Any CPU
		{C7F82597-F6CA-4B6C-8749-3CF04F1AA9BC}.Release|ARM.ActiveCfg = Release|Any CPU
		{C7F82597-F6CA-4B6C-8749-3CF04F1AA9BC}.Release|ARM.Build.0 = Release|Any CPU
		{C7F82597-F6CA-4B6C-8749-3CF04F1AA9BC}.Release|ARM64.ActiveCfg = Release|Any CPU
		{C7F82597-F6CA-4B6C-8749-3CF04F1AA9BC}.Release|ARM64.Build.0 = Release|Any CPU
		{C7F82597-F6CA-4B6C-8749-3CF04F1AA9BC}.Release|x64.ActiveCfg = Release|Any CPU
		{C7F82597-F6CA-4B6C-8749-3CF04F1AA9BC}.Release|x64.Build.0 = Release|Any CPU
		{C7F82597-F6CA-4B6C-8749-3CF04F1AA9BC}.Release|x86.ActiveCfg = Release|Any CPU
		{C7F82597-F6CA-4B6C-8749-3CF04F1AA9BC}.Release|x86.Build.0 = Release|Any CPU
		{A8118CC3-827D-4635-8613-345B190EE763}.Debug|Any CPU.ActiveCfg = Debug|Any CPU
		{A8118CC3-827D-4635-8613-345B190EE763}.Debug|Any CPU.Build.0 = Debug|Any CPU
		{A8118CC3-827D-4635-8613-345B190EE763}.Debug|ARM.ActiveCfg = Debug|Any CPU
		{A8118CC3-827D-4635-8613-345B190EE763}.Debug|ARM.Build.0 = Debug|Any CPU
		{A8118CC3-827D-4635-8613-345B190EE763}.Debug|ARM64.ActiveCfg = Debug|Any CPU
		{A8118CC3-827D-4635-8613-345B190EE763}.Debug|ARM64.Build.0 = Debug|Any CPU
		{A8118CC3-827D-4635-8613-345B190EE763}.Debug|x64.ActiveCfg = Debug|Any CPU
		{A8118CC3-827D-4635-8613-345B190EE763}.Debug|x64.Build.0 = Debug|Any CPU
		{A8118CC3-827D-4635-8613-345B190EE763}.Debug|x86.ActiveCfg = Debug|Any CPU
		{A8118CC3-827D-4635-8613-345B190EE763}.Debug|x86.Build.0 = Debug|Any CPU
		{A8118CC3-827D-4635-8613-345B190EE763}.Release|Any CPU.ActiveCfg = Release|Any CPU
		{A8118CC3-827D-4635-8613-345B190EE763}.Release|Any CPU.Build.0 = Release|Any CPU
		{A8118CC3-827D-4635-8613-345B190EE763}.Release|ARM.ActiveCfg = Release|Any CPU
		{A8118CC3-827D-4635-8613-345B190EE763}.Release|ARM.Build.0 = Release|Any CPU
		{A8118CC3-827D-4635-8613-345B190EE763}.Release|ARM64.ActiveCfg = Release|Any CPU
		{A8118CC3-827D-4635-8613-345B190EE763}.Release|ARM64.Build.0 = Release|Any CPU
		{A8118CC3-827D-4635-8613-345B190EE763}.Release|x64.ActiveCfg = Release|Any CPU
		{A8118CC3-827D-4635-8613-345B190EE763}.Release|x64.Build.0 = Release|Any CPU
		{A8118CC3-827D-4635-8613-345B190EE763}.Release|x86.ActiveCfg = Release|Any CPU
		{A8118CC3-827D-4635-8613-345B190EE763}.Release|x86.Build.0 = Release|Any CPU
		{60232D5E-5F8A-48D8-8429-B5003DC3E844}.Debug|Any CPU.ActiveCfg = Debug|Any CPU
		{60232D5E-5F8A-48D8-8429-B5003DC3E844}.Debug|Any CPU.Build.0 = Debug|Any CPU
		{60232D5E-5F8A-48D8-8429-B5003DC3E844}.Debug|ARM.ActiveCfg = Debug|Any CPU
		{60232D5E-5F8A-48D8-8429-B5003DC3E844}.Debug|ARM.Build.0 = Debug|Any CPU
		{60232D5E-5F8A-48D8-8429-B5003DC3E844}.Debug|ARM64.ActiveCfg = Debug|Any CPU
		{60232D5E-5F8A-48D8-8429-B5003DC3E844}.Debug|ARM64.Build.0 = Debug|Any CPU
		{60232D5E-5F8A-48D8-8429-B5003DC3E844}.Debug|x64.ActiveCfg = Debug|Any CPU
		{60232D5E-5F8A-48D8-8429-B5003DC3E844}.Debug|x64.Build.0 = Debug|Any CPU
		{60232D5E-5F8A-48D8-8429-B5003DC3E844}.Debug|x86.ActiveCfg = Debug|Any CPU
		{60232D5E-5F8A-48D8-8429-B5003DC3E844}.Debug|x86.Build.0 = Debug|Any CPU
		{60232D5E-5F8A-48D8-8429-B5003DC3E844}.Release|Any CPU.ActiveCfg = Release|Any CPU
		{60232D5E-5F8A-48D8-8429-B5003DC3E844}.Release|Any CPU.Build.0 = Release|Any CPU
		{60232D5E-5F8A-48D8-8429-B5003DC3E844}.Release|ARM.ActiveCfg = Release|Any CPU
		{60232D5E-5F8A-48D8-8429-B5003DC3E844}.Release|ARM.Build.0 = Release|Any CPU
		{60232D5E-5F8A-48D8-8429-B5003DC3E844}.Release|ARM64.ActiveCfg = Release|Any CPU
		{60232D5E-5F8A-48D8-8429-B5003DC3E844}.Release|ARM64.Build.0 = Release|Any CPU
		{60232D5E-5F8A-48D8-8429-B5003DC3E844}.Release|x64.ActiveCfg = Release|Any CPU
		{60232D5E-5F8A-48D8-8429-B5003DC3E844}.Release|x64.Build.0 = Release|Any CPU
		{60232D5E-5F8A-48D8-8429-B5003DC3E844}.Release|x86.ActiveCfg = Release|Any CPU
		{60232D5E-5F8A-48D8-8429-B5003DC3E844}.Release|x86.Build.0 = Release|Any CPU
		{C9E9E3B5-A30C-448D-A595-FC3E893AAA3F}.Debug|Any CPU.ActiveCfg = Debug|Any CPU
		{C9E9E3B5-A30C-448D-A595-FC3E893AAA3F}.Debug|Any CPU.Build.0 = Debug|Any CPU
		{C9E9E3B5-A30C-448D-A595-FC3E893AAA3F}.Debug|ARM.ActiveCfg = Debug|Any CPU
		{C9E9E3B5-A30C-448D-A595-FC3E893AAA3F}.Debug|ARM.Build.0 = Debug|Any CPU
		{C9E9E3B5-A30C-448D-A595-FC3E893AAA3F}.Debug|ARM64.ActiveCfg = Debug|Any CPU
		{C9E9E3B5-A30C-448D-A595-FC3E893AAA3F}.Debug|ARM64.Build.0 = Debug|Any CPU
		{C9E9E3B5-A30C-448D-A595-FC3E893AAA3F}.Debug|x64.ActiveCfg = Debug|Any CPU
		{C9E9E3B5-A30C-448D-A595-FC3E893AAA3F}.Debug|x64.Build.0 = Debug|Any CPU
		{C9E9E3B5-A30C-448D-A595-FC3E893AAA3F}.Debug|x86.ActiveCfg = Debug|Any CPU
		{C9E9E3B5-A30C-448D-A595-FC3E893AAA3F}.Debug|x86.Build.0 = Debug|Any CPU
		{C9E9E3B5-A30C-448D-A595-FC3E893AAA3F}.Release|Any CPU.ActiveCfg = Release|Any CPU
		{C9E9E3B5-A30C-448D-A595-FC3E893AAA3F}.Release|Any CPU.Build.0 = Release|Any CPU
		{C9E9E3B5-A30C-448D-A595-FC3E893AAA3F}.Release|ARM.ActiveCfg = Release|Any CPU
		{C9E9E3B5-A30C-448D-A595-FC3E893AAA3F}.Release|ARM.Build.0 = Release|Any CPU
		{C9E9E3B5-A30C-448D-A595-FC3E893AAA3F}.Release|ARM64.ActiveCfg = Release|Any CPU
		{C9E9E3B5-A30C-448D-A595-FC3E893AAA3F}.Release|ARM64.Build.0 = Release|Any CPU
		{C9E9E3B5-A30C-448D-A595-FC3E893AAA3F}.Release|x64.ActiveCfg = Release|Any CPU
		{C9E9E3B5-A30C-448D-A595-FC3E893AAA3F}.Release|x64.Build.0 = Release|Any CPU
		{C9E9E3B5-A30C-448D-A595-FC3E893AAA3F}.Release|x86.ActiveCfg = Release|Any CPU
		{C9E9E3B5-A30C-448D-A595-FC3E893AAA3F}.Release|x86.Build.0 = Release|Any CPU
		{E5679EC7-D909-447B-BC28-2A158779DB23}.Debug|Any CPU.ActiveCfg = Debug|Any CPU
		{E5679EC7-D909-447B-BC28-2A158779DB23}.Debug|Any CPU.Build.0 = Debug|Any CPU
		{E5679EC7-D909-447B-BC28-2A158779DB23}.Debug|ARM.ActiveCfg = Debug|Any CPU
		{E5679EC7-D909-447B-BC28-2A158779DB23}.Debug|ARM.Build.0 = Debug|Any CPU
		{E5679EC7-D909-447B-BC28-2A158779DB23}.Debug|ARM64.ActiveCfg = Debug|Any CPU
		{E5679EC7-D909-447B-BC28-2A158779DB23}.Debug|ARM64.Build.0 = Debug|Any CPU
		{E5679EC7-D909-447B-BC28-2A158779DB23}.Debug|x64.ActiveCfg = Debug|Any CPU
		{E5679EC7-D909-447B-BC28-2A158779DB23}.Debug|x64.Build.0 = Debug|Any CPU
		{E5679EC7-D909-447B-BC28-2A158779DB23}.Debug|x86.ActiveCfg = Debug|Any CPU
		{E5679EC7-D909-447B-BC28-2A158779DB23}.Debug|x86.Build.0 = Debug|Any CPU
		{E5679EC7-D909-447B-BC28-2A158779DB23}.Release|Any CPU.ActiveCfg = Release|Any CPU
		{E5679EC7-D909-447B-BC28-2A158779DB23}.Release|Any CPU.Build.0 = Release|Any CPU
		{E5679EC7-D909-447B-BC28-2A158779DB23}.Release|ARM.ActiveCfg = Release|Any CPU
		{E5679EC7-D909-447B-BC28-2A158779DB23}.Release|ARM.Build.0 = Release|Any CPU
		{E5679EC7-D909-447B-BC28-2A158779DB23}.Release|ARM64.ActiveCfg = Release|Any CPU
		{E5679EC7-D909-447B-BC28-2A158779DB23}.Release|ARM64.Build.0 = Release|Any CPU
		{E5679EC7-D909-447B-BC28-2A158779DB23}.Release|x64.ActiveCfg = Release|Any CPU
		{E5679EC7-D909-447B-BC28-2A158779DB23}.Release|x64.Build.0 = Release|Any CPU
		{E5679EC7-D909-447B-BC28-2A158779DB23}.Release|x86.ActiveCfg = Release|Any CPU
		{E5679EC7-D909-447B-BC28-2A158779DB23}.Release|x86.Build.0 = Release|Any CPU
		{E1E09C23-4F71-49CB-932A-C81D6D478CB7}.Debug|Any CPU.ActiveCfg = Debug|Any CPU
		{E1E09C23-4F71-49CB-932A-C81D6D478CB7}.Debug|Any CPU.Build.0 = Debug|Any CPU
		{E1E09C23-4F71-49CB-932A-C81D6D478CB7}.Debug|ARM.ActiveCfg = Debug|Any CPU
		{E1E09C23-4F71-49CB-932A-C81D6D478CB7}.Debug|ARM.Build.0 = Debug|Any CPU
		{E1E09C23-4F71-49CB-932A-C81D6D478CB7}.Debug|ARM64.ActiveCfg = Debug|Any CPU
		{E1E09C23-4F71-49CB-932A-C81D6D478CB7}.Debug|ARM64.Build.0 = Debug|Any CPU
		{E1E09C23-4F71-49CB-932A-C81D6D478CB7}.Debug|x64.ActiveCfg = Debug|Any CPU
		{E1E09C23-4F71-49CB-932A-C81D6D478CB7}.Debug|x64.Build.0 = Debug|Any CPU
		{E1E09C23-4F71-49CB-932A-C81D6D478CB7}.Debug|x86.ActiveCfg = Debug|Any CPU
		{E1E09C23-4F71-49CB-932A-C81D6D478CB7}.Debug|x86.Build.0 = Debug|Any CPU
		{E1E09C23-4F71-49CB-932A-C81D6D478CB7}.Release|Any CPU.ActiveCfg = Release|Any CPU
		{E1E09C23-4F71-49CB-932A-C81D6D478CB7}.Release|Any CPU.Build.0 = Release|Any CPU
		{E1E09C23-4F71-49CB-932A-C81D6D478CB7}.Release|ARM.ActiveCfg = Release|Any CPU
		{E1E09C23-4F71-49CB-932A-C81D6D478CB7}.Release|ARM.Build.0 = Release|Any CPU
		{E1E09C23-4F71-49CB-932A-C81D6D478CB7}.Release|ARM64.ActiveCfg = Release|Any CPU
		{E1E09C23-4F71-49CB-932A-C81D6D478CB7}.Release|ARM64.Build.0 = Release|Any CPU
		{E1E09C23-4F71-49CB-932A-C81D6D478CB7}.Release|x64.ActiveCfg = Release|Any CPU
		{E1E09C23-4F71-49CB-932A-C81D6D478CB7}.Release|x64.Build.0 = Release|Any CPU
		{E1E09C23-4F71-49CB-932A-C81D6D478CB7}.Release|x86.ActiveCfg = Release|Any CPU
		{E1E09C23-4F71-49CB-932A-C81D6D478CB7}.Release|x86.Build.0 = Release|Any CPU
		{519D9A7A-B72F-4922-9341-445CD2FC9A85}.Debug|Any CPU.ActiveCfg = Debug|Any CPU
		{519D9A7A-B72F-4922-9341-445CD2FC9A85}.Debug|Any CPU.Build.0 = Debug|Any CPU
		{519D9A7A-B72F-4922-9341-445CD2FC9A85}.Debug|ARM.ActiveCfg = Debug|Any CPU
		{519D9A7A-B72F-4922-9341-445CD2FC9A85}.Debug|ARM.Build.0 = Debug|Any CPU
		{519D9A7A-B72F-4922-9341-445CD2FC9A85}.Debug|ARM64.ActiveCfg = Debug|Any CPU
		{519D9A7A-B72F-4922-9341-445CD2FC9A85}.Debug|ARM64.Build.0 = Debug|Any CPU
		{519D9A7A-B72F-4922-9341-445CD2FC9A85}.Debug|x64.ActiveCfg = Debug|Any CPU
		{519D9A7A-B72F-4922-9341-445CD2FC9A85}.Debug|x64.Build.0 = Debug|Any CPU
		{519D9A7A-B72F-4922-9341-445CD2FC9A85}.Debug|x86.ActiveCfg = Debug|Any CPU
		{519D9A7A-B72F-4922-9341-445CD2FC9A85}.Debug|x86.Build.0 = Debug|Any CPU
		{519D9A7A-B72F-4922-9341-445CD2FC9A85}.Release|Any CPU.ActiveCfg = Release|Any CPU
		{519D9A7A-B72F-4922-9341-445CD2FC9A85}.Release|Any CPU.Build.0 = Release|Any CPU
		{519D9A7A-B72F-4922-9341-445CD2FC9A85}.Release|ARM.ActiveCfg = Release|Any CPU
		{519D9A7A-B72F-4922-9341-445CD2FC9A85}.Release|ARM.Build.0 = Release|Any CPU
		{519D9A7A-B72F-4922-9341-445CD2FC9A85}.Release|ARM64.ActiveCfg = Release|Any CPU
		{519D9A7A-B72F-4922-9341-445CD2FC9A85}.Release|ARM64.Build.0 = Release|Any CPU
		{519D9A7A-B72F-4922-9341-445CD2FC9A85}.Release|x64.ActiveCfg = Release|Any CPU
		{519D9A7A-B72F-4922-9341-445CD2FC9A85}.Release|x64.Build.0 = Release|Any CPU
		{519D9A7A-B72F-4922-9341-445CD2FC9A85}.Release|x86.ActiveCfg = Release|Any CPU
		{519D9A7A-B72F-4922-9341-445CD2FC9A85}.Release|x86.Build.0 = Release|Any CPU
		{93D92AC0-72ED-42F6-9778-CE7F83BE7C6B}.Debug|Any CPU.ActiveCfg = Debug|Any CPU
		{93D92AC0-72ED-42F6-9778-CE7F83BE7C6B}.Debug|Any CPU.Build.0 = Debug|Any CPU
		{93D92AC0-72ED-42F6-9778-CE7F83BE7C6B}.Debug|ARM.ActiveCfg = Debug|Any CPU
		{93D92AC0-72ED-42F6-9778-CE7F83BE7C6B}.Debug|ARM.Build.0 = Debug|Any CPU
		{93D92AC0-72ED-42F6-9778-CE7F83BE7C6B}.Debug|ARM64.ActiveCfg = Debug|Any CPU
		{93D92AC0-72ED-42F6-9778-CE7F83BE7C6B}.Debug|ARM64.Build.0 = Debug|Any CPU
		{93D92AC0-72ED-42F6-9778-CE7F83BE7C6B}.Debug|x64.ActiveCfg = Debug|Any CPU
		{93D92AC0-72ED-42F6-9778-CE7F83BE7C6B}.Debug|x64.Build.0 = Debug|Any CPU
		{93D92AC0-72ED-42F6-9778-CE7F83BE7C6B}.Debug|x86.ActiveCfg = Debug|Any CPU
		{93D92AC0-72ED-42F6-9778-CE7F83BE7C6B}.Debug|x86.Build.0 = Debug|Any CPU
		{93D92AC0-72ED-42F6-9778-CE7F83BE7C6B}.Release|Any CPU.ActiveCfg = Release|Any CPU
		{93D92AC0-72ED-42F6-9778-CE7F83BE7C6B}.Release|Any CPU.Build.0 = Release|Any CPU
		{93D92AC0-72ED-42F6-9778-CE7F83BE7C6B}.Release|ARM.ActiveCfg = Release|Any CPU
		{93D92AC0-72ED-42F6-9778-CE7F83BE7C6B}.Release|ARM.Build.0 = Release|Any CPU
		{93D92AC0-72ED-42F6-9778-CE7F83BE7C6B}.Release|ARM64.ActiveCfg = Release|Any CPU
		{93D92AC0-72ED-42F6-9778-CE7F83BE7C6B}.Release|ARM64.Build.0 = Release|Any CPU
		{93D92AC0-72ED-42F6-9778-CE7F83BE7C6B}.Release|x64.ActiveCfg = Release|Any CPU
		{93D92AC0-72ED-42F6-9778-CE7F83BE7C6B}.Release|x64.Build.0 = Release|Any CPU
		{93D92AC0-72ED-42F6-9778-CE7F83BE7C6B}.Release|x86.ActiveCfg = Release|Any CPU
		{93D92AC0-72ED-42F6-9778-CE7F83BE7C6B}.Release|x86.Build.0 = Release|Any CPU
		{A44299EC-A6DA-497F-A8BE-CAC696CA18C7}.Debug|Any CPU.ActiveCfg = Debug|Any CPU
		{A44299EC-A6DA-497F-A8BE-CAC696CA18C7}.Debug|Any CPU.Build.0 = Debug|Any CPU
		{A44299EC-A6DA-497F-A8BE-CAC696CA18C7}.Debug|ARM.ActiveCfg = Debug|Any CPU
		{A44299EC-A6DA-497F-A8BE-CAC696CA18C7}.Debug|ARM.Build.0 = Debug|Any CPU
		{A44299EC-A6DA-497F-A8BE-CAC696CA18C7}.Debug|ARM64.ActiveCfg = Debug|Any CPU
		{A44299EC-A6DA-497F-A8BE-CAC696CA18C7}.Debug|ARM64.Build.0 = Debug|Any CPU
		{A44299EC-A6DA-497F-A8BE-CAC696CA18C7}.Debug|x64.ActiveCfg = Debug|Any CPU
		{A44299EC-A6DA-497F-A8BE-CAC696CA18C7}.Debug|x64.Build.0 = Debug|Any CPU
		{A44299EC-A6DA-497F-A8BE-CAC696CA18C7}.Debug|x86.ActiveCfg = Debug|Any CPU
		{A44299EC-A6DA-497F-A8BE-CAC696CA18C7}.Debug|x86.Build.0 = Debug|Any CPU
		{A44299EC-A6DA-497F-A8BE-CAC696CA18C7}.Release|Any CPU.ActiveCfg = Release|Any CPU
		{A44299EC-A6DA-497F-A8BE-CAC696CA18C7}.Release|Any CPU.Build.0 = Release|Any CPU
		{A44299EC-A6DA-497F-A8BE-CAC696CA18C7}.Release|ARM.ActiveCfg = Release|Any CPU
		{A44299EC-A6DA-497F-A8BE-CAC696CA18C7}.Release|ARM.Build.0 = Release|Any CPU
		{A44299EC-A6DA-497F-A8BE-CAC696CA18C7}.Release|ARM64.ActiveCfg = Release|Any CPU
		{A44299EC-A6DA-497F-A8BE-CAC696CA18C7}.Release|ARM64.Build.0 = Release|Any CPU
		{A44299EC-A6DA-497F-A8BE-CAC696CA18C7}.Release|x64.ActiveCfg = Release|Any CPU
		{A44299EC-A6DA-497F-A8BE-CAC696CA18C7}.Release|x64.Build.0 = Release|Any CPU
		{A44299EC-A6DA-497F-A8BE-CAC696CA18C7}.Release|x86.ActiveCfg = Release|Any CPU
		{A44299EC-A6DA-497F-A8BE-CAC696CA18C7}.Release|x86.Build.0 = Release|Any CPU
		{2558F310-AD20-4993-9388-B1C44CFF4C40}.Debug|Any CPU.ActiveCfg = Debug|Any CPU
		{2558F310-AD20-4993-9388-B1C44CFF4C40}.Debug|Any CPU.Build.0 = Debug|Any CPU
		{2558F310-AD20-4993-9388-B1C44CFF4C40}.Debug|ARM.ActiveCfg = Debug|Any CPU
		{2558F310-AD20-4993-9388-B1C44CFF4C40}.Debug|ARM.Build.0 = Debug|Any CPU
		{2558F310-AD20-4993-9388-B1C44CFF4C40}.Debug|ARM64.ActiveCfg = Debug|Any CPU
		{2558F310-AD20-4993-9388-B1C44CFF4C40}.Debug|ARM64.Build.0 = Debug|Any CPU
		{2558F310-AD20-4993-9388-B1C44CFF4C40}.Debug|x64.ActiveCfg = Debug|Any CPU
		{2558F310-AD20-4993-9388-B1C44CFF4C40}.Debug|x64.Build.0 = Debug|Any CPU
		{2558F310-AD20-4993-9388-B1C44CFF4C40}.Debug|x86.ActiveCfg = Debug|Any CPU
		{2558F310-AD20-4993-9388-B1C44CFF4C40}.Debug|x86.Build.0 = Debug|Any CPU
		{2558F310-AD20-4993-9388-B1C44CFF4C40}.Release|Any CPU.ActiveCfg = Release|Any CPU
		{2558F310-AD20-4993-9388-B1C44CFF4C40}.Release|Any CPU.Build.0 = Release|Any CPU
		{2558F310-AD20-4993-9388-B1C44CFF4C40}.Release|ARM.ActiveCfg = Release|Any CPU
		{2558F310-AD20-4993-9388-B1C44CFF4C40}.Release|ARM.Build.0 = Release|Any CPU
		{2558F310-AD20-4993-9388-B1C44CFF4C40}.Release|ARM64.ActiveCfg = Release|Any CPU
		{2558F310-AD20-4993-9388-B1C44CFF4C40}.Release|ARM64.Build.0 = Release|Any CPU
		{2558F310-AD20-4993-9388-B1C44CFF4C40}.Release|x64.ActiveCfg = Release|Any CPU
		{2558F310-AD20-4993-9388-B1C44CFF4C40}.Release|x64.Build.0 = Release|Any CPU
		{2558F310-AD20-4993-9388-B1C44CFF4C40}.Release|x86.ActiveCfg = Release|Any CPU
		{2558F310-AD20-4993-9388-B1C44CFF4C40}.Release|x86.Build.0 = Release|Any CPU
		{88439BE8-5467-4F82-BBA2-CD1C101F8BCA}.Debug|Any CPU.ActiveCfg = Debug|Any CPU
		{88439BE8-5467-4F82-BBA2-CD1C101F8BCA}.Debug|Any CPU.Build.0 = Debug|Any CPU
		{88439BE8-5467-4F82-BBA2-CD1C101F8BCA}.Debug|ARM.ActiveCfg = Debug|Any CPU
		{88439BE8-5467-4F82-BBA2-CD1C101F8BCA}.Debug|ARM.Build.0 = Debug|Any CPU
		{88439BE8-5467-4F82-BBA2-CD1C101F8BCA}.Debug|ARM64.ActiveCfg = Debug|Any CPU
		{88439BE8-5467-4F82-BBA2-CD1C101F8BCA}.Debug|ARM64.Build.0 = Debug|Any CPU
		{88439BE8-5467-4F82-BBA2-CD1C101F8BCA}.Debug|x64.ActiveCfg = Debug|Any CPU
		{88439BE8-5467-4F82-BBA2-CD1C101F8BCA}.Debug|x64.Build.0 = Debug|Any CPU
		{88439BE8-5467-4F82-BBA2-CD1C101F8BCA}.Debug|x86.ActiveCfg = Debug|Any CPU
		{88439BE8-5467-4F82-BBA2-CD1C101F8BCA}.Debug|x86.Build.0 = Debug|Any CPU
		{88439BE8-5467-4F82-BBA2-CD1C101F8BCA}.Release|Any CPU.ActiveCfg = Release|Any CPU
		{88439BE8-5467-4F82-BBA2-CD1C101F8BCA}.Release|Any CPU.Build.0 = Release|Any CPU
		{88439BE8-5467-4F82-BBA2-CD1C101F8BCA}.Release|ARM.ActiveCfg = Release|Any CPU
		{88439BE8-5467-4F82-BBA2-CD1C101F8BCA}.Release|ARM.Build.0 = Release|Any CPU
		{88439BE8-5467-4F82-BBA2-CD1C101F8BCA}.Release|ARM64.ActiveCfg = Release|Any CPU
		{88439BE8-5467-4F82-BBA2-CD1C101F8BCA}.Release|ARM64.Build.0 = Release|Any CPU
		{88439BE8-5467-4F82-BBA2-CD1C101F8BCA}.Release|x64.ActiveCfg = Release|Any CPU
		{88439BE8-5467-4F82-BBA2-CD1C101F8BCA}.Release|x64.Build.0 = Release|Any CPU
		{88439BE8-5467-4F82-BBA2-CD1C101F8BCA}.Release|x86.ActiveCfg = Release|Any CPU
		{88439BE8-5467-4F82-BBA2-CD1C101F8BCA}.Release|x86.Build.0 = Release|Any CPU
		{EF78A244-AD37-497F-B2DF-E2B5FED30CF6}.Debug|Any CPU.ActiveCfg = Debug|Any CPU
		{EF78A244-AD37-497F-B2DF-E2B5FED30CF6}.Debug|Any CPU.Build.0 = Debug|Any CPU
		{EF78A244-AD37-497F-B2DF-E2B5FED30CF6}.Debug|ARM.ActiveCfg = Debug|Any CPU
		{EF78A244-AD37-497F-B2DF-E2B5FED30CF6}.Debug|ARM.Build.0 = Debug|Any CPU
		{EF78A244-AD37-497F-B2DF-E2B5FED30CF6}.Debug|ARM64.ActiveCfg = Debug|Any CPU
		{EF78A244-AD37-497F-B2DF-E2B5FED30CF6}.Debug|ARM64.Build.0 = Debug|Any CPU
		{EF78A244-AD37-497F-B2DF-E2B5FED30CF6}.Debug|x64.ActiveCfg = Debug|Any CPU
		{EF78A244-AD37-497F-B2DF-E2B5FED30CF6}.Debug|x64.Build.0 = Debug|Any CPU
		{EF78A244-AD37-497F-B2DF-E2B5FED30CF6}.Debug|x86.ActiveCfg = Debug|Any CPU
		{EF78A244-AD37-497F-B2DF-E2B5FED30CF6}.Debug|x86.Build.0 = Debug|Any CPU
		{EF78A244-AD37-497F-B2DF-E2B5FED30CF6}.Release|Any CPU.ActiveCfg = Release|Any CPU
		{EF78A244-AD37-497F-B2DF-E2B5FED30CF6}.Release|Any CPU.Build.0 = Release|Any CPU
		{EF78A244-AD37-497F-B2DF-E2B5FED30CF6}.Release|ARM.ActiveCfg = Release|Any CPU
		{EF78A244-AD37-497F-B2DF-E2B5FED30CF6}.Release|ARM.Build.0 = Release|Any CPU
		{EF78A244-AD37-497F-B2DF-E2B5FED30CF6}.Release|ARM64.ActiveCfg = Release|Any CPU
		{EF78A244-AD37-497F-B2DF-E2B5FED30CF6}.Release|ARM64.Build.0 = Release|Any CPU
		{EF78A244-AD37-497F-B2DF-E2B5FED30CF6}.Release|x64.ActiveCfg = Release|Any CPU
		{EF78A244-AD37-497F-B2DF-E2B5FED30CF6}.Release|x64.Build.0 = Release|Any CPU
		{EF78A244-AD37-497F-B2DF-E2B5FED30CF6}.Release|x86.ActiveCfg = Release|Any CPU
		{EF78A244-AD37-497F-B2DF-E2B5FED30CF6}.Release|x86.Build.0 = Release|Any CPU
		{13640649-4F20-45F2-9368-77B33FD31D1E}.Debug|Any CPU.ActiveCfg = Debug|Any CPU
		{13640649-4F20-45F2-9368-77B33FD31D1E}.Debug|Any CPU.Build.0 = Debug|Any CPU
		{13640649-4F20-45F2-9368-77B33FD31D1E}.Debug|ARM.ActiveCfg = Debug|Any CPU
		{13640649-4F20-45F2-9368-77B33FD31D1E}.Debug|ARM.Build.0 = Debug|Any CPU
		{13640649-4F20-45F2-9368-77B33FD31D1E}.Debug|ARM64.ActiveCfg = Debug|Any CPU
		{13640649-4F20-45F2-9368-77B33FD31D1E}.Debug|ARM64.Build.0 = Debug|Any CPU
		{13640649-4F20-45F2-9368-77B33FD31D1E}.Debug|x64.ActiveCfg = Debug|Any CPU
		{13640649-4F20-45F2-9368-77B33FD31D1E}.Debug|x64.Build.0 = Debug|Any CPU
		{13640649-4F20-45F2-9368-77B33FD31D1E}.Debug|x86.ActiveCfg = Debug|Any CPU
		{13640649-4F20-45F2-9368-77B33FD31D1E}.Debug|x86.Build.0 = Debug|Any CPU
		{13640649-4F20-45F2-9368-77B33FD31D1E}.Release|Any CPU.ActiveCfg = Release|Any CPU
		{13640649-4F20-45F2-9368-77B33FD31D1E}.Release|Any CPU.Build.0 = Release|Any CPU
		{13640649-4F20-45F2-9368-77B33FD31D1E}.Release|ARM.ActiveCfg = Release|Any CPU
		{13640649-4F20-45F2-9368-77B33FD31D1E}.Release|ARM.Build.0 = Release|Any CPU
		{13640649-4F20-45F2-9368-77B33FD31D1E}.Release|ARM64.ActiveCfg = Release|Any CPU
		{13640649-4F20-45F2-9368-77B33FD31D1E}.Release|ARM64.Build.0 = Release|Any CPU
		{13640649-4F20-45F2-9368-77B33FD31D1E}.Release|x64.ActiveCfg = Release|Any CPU
		{13640649-4F20-45F2-9368-77B33FD31D1E}.Release|x64.Build.0 = Release|Any CPU
		{13640649-4F20-45F2-9368-77B33FD31D1E}.Release|x86.ActiveCfg = Release|Any CPU
		{13640649-4F20-45F2-9368-77B33FD31D1E}.Release|x86.Build.0 = Release|Any CPU
		{32EA5F2D-AE7B-4364-823E-8F0EAAF6D6EC}.Debug|Any CPU.ActiveCfg = Debug|Any CPU
		{32EA5F2D-AE7B-4364-823E-8F0EAAF6D6EC}.Debug|Any CPU.Build.0 = Debug|Any CPU
		{32EA5F2D-AE7B-4364-823E-8F0EAAF6D6EC}.Debug|ARM.ActiveCfg = Debug|Any CPU
		{32EA5F2D-AE7B-4364-823E-8F0EAAF6D6EC}.Debug|ARM.Build.0 = Debug|Any CPU
		{32EA5F2D-AE7B-4364-823E-8F0EAAF6D6EC}.Debug|ARM64.ActiveCfg = Debug|Any CPU
		{32EA5F2D-AE7B-4364-823E-8F0EAAF6D6EC}.Debug|ARM64.Build.0 = Debug|Any CPU
		{32EA5F2D-AE7B-4364-823E-8F0EAAF6D6EC}.Debug|x64.ActiveCfg = Debug|Any CPU
		{32EA5F2D-AE7B-4364-823E-8F0EAAF6D6EC}.Debug|x64.Build.0 = Debug|Any CPU
		{32EA5F2D-AE7B-4364-823E-8F0EAAF6D6EC}.Debug|x86.ActiveCfg = Debug|Any CPU
		{32EA5F2D-AE7B-4364-823E-8F0EAAF6D6EC}.Debug|x86.Build.0 = Debug|Any CPU
		{32EA5F2D-AE7B-4364-823E-8F0EAAF6D6EC}.Release|Any CPU.ActiveCfg = Release|Any CPU
		{32EA5F2D-AE7B-4364-823E-8F0EAAF6D6EC}.Release|Any CPU.Build.0 = Release|Any CPU
		{32EA5F2D-AE7B-4364-823E-8F0EAAF6D6EC}.Release|ARM.ActiveCfg = Release|Any CPU
		{32EA5F2D-AE7B-4364-823E-8F0EAAF6D6EC}.Release|ARM.Build.0 = Release|Any CPU
		{32EA5F2D-AE7B-4364-823E-8F0EAAF6D6EC}.Release|ARM64.ActiveCfg = Release|Any CPU
		{32EA5F2D-AE7B-4364-823E-8F0EAAF6D6EC}.Release|ARM64.Build.0 = Release|Any CPU
		{32EA5F2D-AE7B-4364-823E-8F0EAAF6D6EC}.Release|x64.ActiveCfg = Release|Any CPU
		{32EA5F2D-AE7B-4364-823E-8F0EAAF6D6EC}.Release|x64.Build.0 = Release|Any CPU
		{32EA5F2D-AE7B-4364-823E-8F0EAAF6D6EC}.Release|x86.ActiveCfg = Release|Any CPU
		{32EA5F2D-AE7B-4364-823E-8F0EAAF6D6EC}.Release|x86.Build.0 = Release|Any CPU
		{B9B0DE3E-57F4-4D05-9B03-892B9CDDEF8F}.Debug|Any CPU.ActiveCfg = Debug|Any CPU
		{B9B0DE3E-57F4-4D05-9B03-892B9CDDEF8F}.Debug|Any CPU.Build.0 = Debug|Any CPU
		{B9B0DE3E-57F4-4D05-9B03-892B9CDDEF8F}.Debug|ARM.ActiveCfg = Debug|Any CPU
		{B9B0DE3E-57F4-4D05-9B03-892B9CDDEF8F}.Debug|ARM.Build.0 = Debug|Any CPU
		{B9B0DE3E-57F4-4D05-9B03-892B9CDDEF8F}.Debug|ARM64.ActiveCfg = Debug|Any CPU
		{B9B0DE3E-57F4-4D05-9B03-892B9CDDEF8F}.Debug|ARM64.Build.0 = Debug|Any CPU
		{B9B0DE3E-57F4-4D05-9B03-892B9CDDEF8F}.Debug|x64.ActiveCfg = Debug|Any CPU
		{B9B0DE3E-57F4-4D05-9B03-892B9CDDEF8F}.Debug|x64.Build.0 = Debug|Any CPU
		{B9B0DE3E-57F4-4D05-9B03-892B9CDDEF8F}.Debug|x86.ActiveCfg = Debug|Any CPU
		{B9B0DE3E-57F4-4D05-9B03-892B9CDDEF8F}.Debug|x86.Build.0 = Debug|Any CPU
		{B9B0DE3E-57F4-4D05-9B03-892B9CDDEF8F}.Release|Any CPU.ActiveCfg = Release|Any CPU
		{B9B0DE3E-57F4-4D05-9B03-892B9CDDEF8F}.Release|Any CPU.Build.0 = Release|Any CPU
		{B9B0DE3E-57F4-4D05-9B03-892B9CDDEF8F}.Release|ARM.ActiveCfg = Release|Any CPU
		{B9B0DE3E-57F4-4D05-9B03-892B9CDDEF8F}.Release|ARM.Build.0 = Release|Any CPU
		{B9B0DE3E-57F4-4D05-9B03-892B9CDDEF8F}.Release|ARM64.ActiveCfg = Release|Any CPU
		{B9B0DE3E-57F4-4D05-9B03-892B9CDDEF8F}.Release|ARM64.Build.0 = Release|Any CPU
		{B9B0DE3E-57F4-4D05-9B03-892B9CDDEF8F}.Release|x64.ActiveCfg = Release|Any CPU
		{B9B0DE3E-57F4-4D05-9B03-892B9CDDEF8F}.Release|x64.Build.0 = Release|Any CPU
		{B9B0DE3E-57F4-4D05-9B03-892B9CDDEF8F}.Release|x86.ActiveCfg = Release|Any CPU
		{B9B0DE3E-57F4-4D05-9B03-892B9CDDEF8F}.Release|x86.Build.0 = Release|Any CPU
		{3B7651F1-E9EF-4EE0-9671-DFEEB2DDD64F}.Debug|Any CPU.ActiveCfg = Debug|Any CPU
		{3B7651F1-E9EF-4EE0-9671-DFEEB2DDD64F}.Debug|Any CPU.Build.0 = Debug|Any CPU
		{3B7651F1-E9EF-4EE0-9671-DFEEB2DDD64F}.Debug|ARM.ActiveCfg = Debug|Any CPU
		{3B7651F1-E9EF-4EE0-9671-DFEEB2DDD64F}.Debug|ARM.Build.0 = Debug|Any CPU
		{3B7651F1-E9EF-4EE0-9671-DFEEB2DDD64F}.Debug|ARM64.ActiveCfg = Debug|Any CPU
		{3B7651F1-E9EF-4EE0-9671-DFEEB2DDD64F}.Debug|ARM64.Build.0 = Debug|Any CPU
		{3B7651F1-E9EF-4EE0-9671-DFEEB2DDD64F}.Debug|x64.ActiveCfg = Debug|Any CPU
		{3B7651F1-E9EF-4EE0-9671-DFEEB2DDD64F}.Debug|x64.Build.0 = Debug|Any CPU
		{3B7651F1-E9EF-4EE0-9671-DFEEB2DDD64F}.Debug|x86.ActiveCfg = Debug|Any CPU
		{3B7651F1-E9EF-4EE0-9671-DFEEB2DDD64F}.Debug|x86.Build.0 = Debug|Any CPU
		{3B7651F1-E9EF-4EE0-9671-DFEEB2DDD64F}.Release|Any CPU.ActiveCfg = Release|Any CPU
		{3B7651F1-E9EF-4EE0-9671-DFEEB2DDD64F}.Release|Any CPU.Build.0 = Release|Any CPU
		{3B7651F1-E9EF-4EE0-9671-DFEEB2DDD64F}.Release|ARM.ActiveCfg = Release|Any CPU
		{3B7651F1-E9EF-4EE0-9671-DFEEB2DDD64F}.Release|ARM.Build.0 = Release|Any CPU
		{3B7651F1-E9EF-4EE0-9671-DFEEB2DDD64F}.Release|ARM64.ActiveCfg = Release|Any CPU
		{3B7651F1-E9EF-4EE0-9671-DFEEB2DDD64F}.Release|ARM64.Build.0 = Release|Any CPU
		{3B7651F1-E9EF-4EE0-9671-DFEEB2DDD64F}.Release|x64.ActiveCfg = Release|Any CPU
		{3B7651F1-E9EF-4EE0-9671-DFEEB2DDD64F}.Release|x64.Build.0 = Release|Any CPU
		{3B7651F1-E9EF-4EE0-9671-DFEEB2DDD64F}.Release|x86.ActiveCfg = Release|Any CPU
		{3B7651F1-E9EF-4EE0-9671-DFEEB2DDD64F}.Release|x86.Build.0 = Release|Any CPU
		{95124641-45A1-4C23-ACA7-ED7525718656}.Debug|Any CPU.ActiveCfg = Debug|Any CPU
		{95124641-45A1-4C23-ACA7-ED7525718656}.Debug|Any CPU.Build.0 = Debug|Any CPU
		{95124641-45A1-4C23-ACA7-ED7525718656}.Debug|ARM.ActiveCfg = Debug|Any CPU
		{95124641-45A1-4C23-ACA7-ED7525718656}.Debug|ARM.Build.0 = Debug|Any CPU
		{95124641-45A1-4C23-ACA7-ED7525718656}.Debug|ARM64.ActiveCfg = Debug|Any CPU
		{95124641-45A1-4C23-ACA7-ED7525718656}.Debug|ARM64.Build.0 = Debug|Any CPU
		{95124641-45A1-4C23-ACA7-ED7525718656}.Debug|x64.ActiveCfg = Debug|Any CPU
		{95124641-45A1-4C23-ACA7-ED7525718656}.Debug|x64.Build.0 = Debug|Any CPU
		{95124641-45A1-4C23-ACA7-ED7525718656}.Debug|x86.ActiveCfg = Debug|Any CPU
		{95124641-45A1-4C23-ACA7-ED7525718656}.Debug|x86.Build.0 = Debug|Any CPU
		{95124641-45A1-4C23-ACA7-ED7525718656}.Release|Any CPU.ActiveCfg = Release|Any CPU
		{95124641-45A1-4C23-ACA7-ED7525718656}.Release|Any CPU.Build.0 = Release|Any CPU
		{95124641-45A1-4C23-ACA7-ED7525718656}.Release|ARM.ActiveCfg = Release|Any CPU
		{95124641-45A1-4C23-ACA7-ED7525718656}.Release|ARM.Build.0 = Release|Any CPU
		{95124641-45A1-4C23-ACA7-ED7525718656}.Release|ARM64.ActiveCfg = Release|Any CPU
		{95124641-45A1-4C23-ACA7-ED7525718656}.Release|ARM64.Build.0 = Release|Any CPU
		{95124641-45A1-4C23-ACA7-ED7525718656}.Release|x64.ActiveCfg = Release|Any CPU
		{95124641-45A1-4C23-ACA7-ED7525718656}.Release|x64.Build.0 = Release|Any CPU
		{95124641-45A1-4C23-ACA7-ED7525718656}.Release|x86.ActiveCfg = Release|Any CPU
		{95124641-45A1-4C23-ACA7-ED7525718656}.Release|x86.Build.0 = Release|Any CPU
		{33C08548-4BDD-4B0F-9BBE-12EDA4805F19}.Debug|Any CPU.ActiveCfg = Debug|Any CPU
		{33C08548-4BDD-4B0F-9BBE-12EDA4805F19}.Debug|Any CPU.Build.0 = Debug|Any CPU
		{33C08548-4BDD-4B0F-9BBE-12EDA4805F19}.Debug|ARM.ActiveCfg = Debug|Any CPU
		{33C08548-4BDD-4B0F-9BBE-12EDA4805F19}.Debug|ARM.Build.0 = Debug|Any CPU
		{33C08548-4BDD-4B0F-9BBE-12EDA4805F19}.Debug|ARM64.ActiveCfg = Debug|Any CPU
		{33C08548-4BDD-4B0F-9BBE-12EDA4805F19}.Debug|ARM64.Build.0 = Debug|Any CPU
		{33C08548-4BDD-4B0F-9BBE-12EDA4805F19}.Debug|x64.ActiveCfg = Debug|Any CPU
		{33C08548-4BDD-4B0F-9BBE-12EDA4805F19}.Debug|x64.Build.0 = Debug|Any CPU
		{33C08548-4BDD-4B0F-9BBE-12EDA4805F19}.Debug|x86.ActiveCfg = Debug|Any CPU
		{33C08548-4BDD-4B0F-9BBE-12EDA4805F19}.Debug|x86.Build.0 = Debug|Any CPU
		{33C08548-4BDD-4B0F-9BBE-12EDA4805F19}.Release|Any CPU.ActiveCfg = Release|Any CPU
		{33C08548-4BDD-4B0F-9BBE-12EDA4805F19}.Release|Any CPU.Build.0 = Release|Any CPU
		{33C08548-4BDD-4B0F-9BBE-12EDA4805F19}.Release|ARM.ActiveCfg = Release|Any CPU
		{33C08548-4BDD-4B0F-9BBE-12EDA4805F19}.Release|ARM.Build.0 = Release|Any CPU
		{33C08548-4BDD-4B0F-9BBE-12EDA4805F19}.Release|ARM64.ActiveCfg = Release|Any CPU
		{33C08548-4BDD-4B0F-9BBE-12EDA4805F19}.Release|ARM64.Build.0 = Release|Any CPU
		{33C08548-4BDD-4B0F-9BBE-12EDA4805F19}.Release|x64.ActiveCfg = Release|Any CPU
		{33C08548-4BDD-4B0F-9BBE-12EDA4805F19}.Release|x64.Build.0 = Release|Any CPU
		{33C08548-4BDD-4B0F-9BBE-12EDA4805F19}.Release|x86.ActiveCfg = Release|Any CPU
		{33C08548-4BDD-4B0F-9BBE-12EDA4805F19}.Release|x86.Build.0 = Release|Any CPU
		{BE531507-ACD6-486A-BE1D-F688414C6B49}.Debug|Any CPU.ActiveCfg = Debug|Any CPU
		{BE531507-ACD6-486A-BE1D-F688414C6B49}.Debug|Any CPU.Build.0 = Debug|Any CPU
		{BE531507-ACD6-486A-BE1D-F688414C6B49}.Debug|ARM.ActiveCfg = Debug|Any CPU
		{BE531507-ACD6-486A-BE1D-F688414C6B49}.Debug|ARM.Build.0 = Debug|Any CPU
		{BE531507-ACD6-486A-BE1D-F688414C6B49}.Debug|ARM64.ActiveCfg = Debug|Any CPU
		{BE531507-ACD6-486A-BE1D-F688414C6B49}.Debug|ARM64.Build.0 = Debug|Any CPU
		{BE531507-ACD6-486A-BE1D-F688414C6B49}.Debug|x64.ActiveCfg = Debug|Any CPU
		{BE531507-ACD6-486A-BE1D-F688414C6B49}.Debug|x64.Build.0 = Debug|Any CPU
		{BE531507-ACD6-486A-BE1D-F688414C6B49}.Debug|x86.ActiveCfg = Debug|Any CPU
		{BE531507-ACD6-486A-BE1D-F688414C6B49}.Debug|x86.Build.0 = Debug|Any CPU
		{BE531507-ACD6-486A-BE1D-F688414C6B49}.Release|Any CPU.ActiveCfg = Release|Any CPU
		{BE531507-ACD6-486A-BE1D-F688414C6B49}.Release|Any CPU.Build.0 = Release|Any CPU
		{BE531507-ACD6-486A-BE1D-F688414C6B49}.Release|ARM.ActiveCfg = Release|Any CPU
		{BE531507-ACD6-486A-BE1D-F688414C6B49}.Release|ARM.Build.0 = Release|Any CPU
		{BE531507-ACD6-486A-BE1D-F688414C6B49}.Release|ARM64.ActiveCfg = Release|Any CPU
		{BE531507-ACD6-486A-BE1D-F688414C6B49}.Release|ARM64.Build.0 = Release|Any CPU
		{BE531507-ACD6-486A-BE1D-F688414C6B49}.Release|x64.ActiveCfg = Release|Any CPU
		{BE531507-ACD6-486A-BE1D-F688414C6B49}.Release|x64.Build.0 = Release|Any CPU
		{BE531507-ACD6-486A-BE1D-F688414C6B49}.Release|x86.ActiveCfg = Release|Any CPU
		{BE531507-ACD6-486A-BE1D-F688414C6B49}.Release|x86.Build.0 = Release|Any CPU
		{CFA8B732-E407-497D-8DB2-7CA4898C6D8F}.Debug|Any CPU.ActiveCfg = Debug|Any CPU
		{CFA8B732-E407-497D-8DB2-7CA4898C6D8F}.Debug|Any CPU.Build.0 = Debug|Any CPU
		{CFA8B732-E407-497D-8DB2-7CA4898C6D8F}.Debug|ARM.ActiveCfg = Debug|Any CPU
		{CFA8B732-E407-497D-8DB2-7CA4898C6D8F}.Debug|ARM.Build.0 = Debug|Any CPU
		{CFA8B732-E407-497D-8DB2-7CA4898C6D8F}.Debug|ARM64.ActiveCfg = Debug|Any CPU
		{CFA8B732-E407-497D-8DB2-7CA4898C6D8F}.Debug|ARM64.Build.0 = Debug|Any CPU
		{CFA8B732-E407-497D-8DB2-7CA4898C6D8F}.Debug|x64.ActiveCfg = Debug|Any CPU
		{CFA8B732-E407-497D-8DB2-7CA4898C6D8F}.Debug|x64.Build.0 = Debug|Any CPU
		{CFA8B732-E407-497D-8DB2-7CA4898C6D8F}.Debug|x86.ActiveCfg = Debug|Any CPU
		{CFA8B732-E407-497D-8DB2-7CA4898C6D8F}.Debug|x86.Build.0 = Debug|Any CPU
		{CFA8B732-E407-497D-8DB2-7CA4898C6D8F}.Release|Any CPU.ActiveCfg = Release|Any CPU
		{CFA8B732-E407-497D-8DB2-7CA4898C6D8F}.Release|Any CPU.Build.0 = Release|Any CPU
		{CFA8B732-E407-497D-8DB2-7CA4898C6D8F}.Release|ARM.ActiveCfg = Release|Any CPU
		{CFA8B732-E407-497D-8DB2-7CA4898C6D8F}.Release|ARM.Build.0 = Release|Any CPU
		{CFA8B732-E407-497D-8DB2-7CA4898C6D8F}.Release|ARM64.ActiveCfg = Release|Any CPU
		{CFA8B732-E407-497D-8DB2-7CA4898C6D8F}.Release|ARM64.Build.0 = Release|Any CPU
		{CFA8B732-E407-497D-8DB2-7CA4898C6D8F}.Release|x64.ActiveCfg = Release|Any CPU
		{CFA8B732-E407-497D-8DB2-7CA4898C6D8F}.Release|x64.Build.0 = Release|Any CPU
		{CFA8B732-E407-497D-8DB2-7CA4898C6D8F}.Release|x86.ActiveCfg = Release|Any CPU
		{CFA8B732-E407-497D-8DB2-7CA4898C6D8F}.Release|x86.Build.0 = Release|Any CPU
		{6FB5A83B-5579-42CE-9907-F60B38A0D213}.Debug|Any CPU.ActiveCfg = Debug|Any CPU
		{6FB5A83B-5579-42CE-9907-F60B38A0D213}.Debug|Any CPU.Build.0 = Debug|Any CPU
		{6FB5A83B-5579-42CE-9907-F60B38A0D213}.Debug|ARM.ActiveCfg = Debug|Any CPU
		{6FB5A83B-5579-42CE-9907-F60B38A0D213}.Debug|ARM.Build.0 = Debug|Any CPU
		{6FB5A83B-5579-42CE-9907-F60B38A0D213}.Debug|ARM64.ActiveCfg = Debug|Any CPU
		{6FB5A83B-5579-42CE-9907-F60B38A0D213}.Debug|ARM64.Build.0 = Debug|Any CPU
		{6FB5A83B-5579-42CE-9907-F60B38A0D213}.Debug|x64.ActiveCfg = Debug|Any CPU
		{6FB5A83B-5579-42CE-9907-F60B38A0D213}.Debug|x64.Build.0 = Debug|Any CPU
		{6FB5A83B-5579-42CE-9907-F60B38A0D213}.Debug|x86.ActiveCfg = Debug|Any CPU
		{6FB5A83B-5579-42CE-9907-F60B38A0D213}.Debug|x86.Build.0 = Debug|Any CPU
		{6FB5A83B-5579-42CE-9907-F60B38A0D213}.Release|Any CPU.ActiveCfg = Release|Any CPU
		{6FB5A83B-5579-42CE-9907-F60B38A0D213}.Release|Any CPU.Build.0 = Release|Any CPU
		{6FB5A83B-5579-42CE-9907-F60B38A0D213}.Release|ARM.ActiveCfg = Release|Any CPU
		{6FB5A83B-5579-42CE-9907-F60B38A0D213}.Release|ARM.Build.0 = Release|Any CPU
		{6FB5A83B-5579-42CE-9907-F60B38A0D213}.Release|ARM64.ActiveCfg = Release|Any CPU
		{6FB5A83B-5579-42CE-9907-F60B38A0D213}.Release|ARM64.Build.0 = Release|Any CPU
		{6FB5A83B-5579-42CE-9907-F60B38A0D213}.Release|x64.ActiveCfg = Release|Any CPU
		{6FB5A83B-5579-42CE-9907-F60B38A0D213}.Release|x64.Build.0 = Release|Any CPU
		{6FB5A83B-5579-42CE-9907-F60B38A0D213}.Release|x86.ActiveCfg = Release|Any CPU
		{6FB5A83B-5579-42CE-9907-F60B38A0D213}.Release|x86.Build.0 = Release|Any CPU
	EndGlobalSection
	GlobalSection(SolutionProperties) = preSolution
		HideSolutionNode = FALSE
	EndGlobalSection
	GlobalSection(NestedProjects) = preSolution
		{83995312-32FC-4E12-910E-1AB3BFE6133F} = {F55BBBBC-0731-4D5D-ABFB-A5D416EE0D6A}
		{420CB182-9AF0-4286-835C-0213A904765B} = {57143F6A-605A-4D5B-8975-E249097003F7}
		{66AB214E-2281-4D97-99C7-B54B0E31DF1A} = {46B7CDAD-9374-41AC-96E0-2EC74B192601}
		{075F7A07-A27B-48DD-A1CD-9BBB4A4C6D67} = {46B7CDAD-9374-41AC-96E0-2EC74B192601}
		{E2B652F0-1692-459A-BCA5-C5BD88760256} = {075F7A07-A27B-48DD-A1CD-9BBB4A4C6D67}
		{9CC15609-F971-4954-A978-9C4A7412173D} = {075F7A07-A27B-48DD-A1CD-9BBB4A4C6D67}
		{71E74DE3-D602-41A7-A754-EF4F51C21D23} = {46B7CDAD-9374-41AC-96E0-2EC74B192601}
		{D984142B-AF41-4348-A3E4-51FFB4D30502} = {71E74DE3-D602-41A7-A754-EF4F51C21D23}
		{43DB45B8-75B3-4877-9287-0007C8AE420D} = {71E74DE3-D602-41A7-A754-EF4F51C21D23}
		{A05313C6-91FE-4B82-8FAD-6F6F66CF812A} = {F55BBBBC-0731-4D5D-ABFB-A5D416EE0D6A}
		{98C77D6D-470A-4A6D-B4BD-7965D6A82F29} = {F55BBBBC-0731-4D5D-ABFB-A5D416EE0D6A}
		{D38509BA-0F57-4891-8600-15F1EE77AE31} = {57143F6A-605A-4D5B-8975-E249097003F7}
		{9A35D13E-887A-48A5-8FD0-ECDB1054FDEC} = {46B7CDAD-9374-41AC-96E0-2EC74B192601}
		{E5679EC7-D909-447B-BC28-2A158779DB23} = {CBB54A3D-3F97-42AA-A094-D81BB14B4814}
		{E1E09C23-4F71-49CB-932A-C81D6D478CB7} = {57143F6A-605A-4D5B-8975-E249097003F7}
		{79045631-FD6D-4B3E-AA7F-6DFB7C657A59} = {46B7CDAD-9374-41AC-96E0-2EC74B192601}
		{5AFF6882-6AC6-40E1-A006-4EF97F87B8FA} = {46B7CDAD-9374-41AC-96E0-2EC74B192601}
		{93D92AC0-72ED-42F6-9778-CE7F83BE7C6B} = {5AFF6882-6AC6-40E1-A006-4EF97F87B8FA}
		{A44299EC-A6DA-497F-A8BE-CAC696CA18C7} = {5AFF6882-6AC6-40E1-A006-4EF97F87B8FA}
		{2558F310-AD20-4993-9388-B1C44CFF4C40} = {9A35D13E-887A-48A5-8FD0-ECDB1054FDEC}
		{88439BE8-5467-4F82-BBA2-CD1C101F8BCA} = {9A35D13E-887A-48A5-8FD0-ECDB1054FDEC}
		{EF78A244-AD37-497F-B2DF-E2B5FED30CF6} = {79045631-FD6D-4B3E-AA7F-6DFB7C657A59}
		{13640649-4F20-45F2-9368-77B33FD31D1E} = {79045631-FD6D-4B3E-AA7F-6DFB7C657A59}
		{BA853A13-ADEA-4C35-A255-14B427759A49} = {46B7CDAD-9374-41AC-96E0-2EC74B192601}
		{B9B0DE3E-57F4-4D05-9B03-892B9CDDEF8F} = {BA853A13-ADEA-4C35-A255-14B427759A49}
		{3B7651F1-E9EF-4EE0-9671-DFEEB2DDD64F} = {BA853A13-ADEA-4C35-A255-14B427759A49}
		{6EFB7DF1-D6DE-4CAF-BDD2-75C3C7C8B9C7} = {46B7CDAD-9374-41AC-96E0-2EC74B192601}
		{CFA8B732-E407-497D-8DB2-7CA4898C6D8F} = {6EFB7DF1-D6DE-4CAF-BDD2-75C3C7C8B9C7}
		{6FB5A83B-5579-42CE-9907-F60B38A0D213} = {6EFB7DF1-D6DE-4CAF-BDD2-75C3C7C8B9C7}
	EndGlobalSection
	GlobalSection(ExtensibilityGlobals) = postSolution
		SolutionGuid = {38AA13D6-2A82-4D7C-AA0D-F8AB75771A80}
	EndGlobalSection
EndGlobal
