
Microsoft Visual Studio Solution File, Format Version 12.00
# Visual Studio Version 16
VisualStudioVersion = 16.0.29806.167
MinimumVisualStudioVersion = 10.0.40219.1
Project("{FAE04EC0-301F-11D3-BF4B-00C04F79EFBC}") = "BearChessWin", "BearChessWin\BearChessWin.csproj", "{141B2A0E-19B7-4FB4-AA02-B0D9C176FD4A}"
EndProject
Project("{9A19103F-16F7-4668-BE54-9A1E7A4F7556}") = "BearChessBase", "BearChessBase\BearChessBase.csproj", "{72BAD856-2F5E-45DB-9FF1-42D68A4998F5}"
EndProject
Project("{2150E333-8FDC-42A3-9474-1A3956D46DE8}") = "Engines", "Engines", "{F55BBBBC-0731-4D5D-ABFB-A5D416EE0D6A}"
EndProject
Project("{9A19103F-16F7-4668-BE54-9A1E7A4F7556}") = "Gilbert", "Gilbert\Gilbert.csproj", "{83995312-32FC-4E12-910E-1AB3BFE6133F}"
EndProject
Project("{2150E333-8FDC-42A3-9474-1A3956D46DE8}") = "Tests", "Tests", "{57143F6A-605A-4D5B-8975-E249097003F7}"
EndProject
Project("{FAE04EC0-301F-11D3-BF4B-00C04F79EFBC}") = "UnitTestsBearChessBase", "UnitTestsBearChessBase\UnitTestsBearChessBase.csproj", "{420CB182-9AF0-4286-835C-0213A904765B}"
EndProject
Project("{FAE04EC0-301F-11D3-BF4B-00C04F79EFBC}") = "BearChessEChessBoard", "BearChessEChessBoard\BearChessEChessBoard\BearChessEChessBoard.csproj", "{A6BCDC78-1EDC-40C7-936F-880423360BA3}"
EndProject
Project("{FAE04EC0-301F-11D3-BF4B-00C04F79EFBC}") = "MChessLinkLoader", "MChessLinkLoader\MChessLinkLoader\MChessLinkLoader.csproj", "{FEE3096B-8A9C-496B-B7F5-03E733614DD2}"
EndProject
Project("{FAE04EC0-301F-11D3-BF4B-00C04F79EFBC}") = "CertaboLoader", "CertaboLoader\CertaboLoader\CertaboLoader.csproj", "{40462629-633B-4944-873D-5BEED2A60D88}"
EndProject
Project("{2150E333-8FDC-42A3-9474-1A3956D46DE8}") = "EChessBoards", "EChessBoards", "{46B7CDAD-9374-41AC-96E0-2EC74B192601}"
EndProject
Project("{FAE04EC0-301F-11D3-BF4B-00C04F79EFBC}") = "CommonUciWrapper", "EChessBoards\CommonUciWrapper\CommonUciWrapper.csproj", "{66AB214E-2281-4D97-99C7-B54B0E31DF1A}"
EndProject
Project("{2150E333-8FDC-42A3-9474-1A3956D46DE8}") = "Certabo", "Certabo", "{075F7A07-A27B-48DD-A1CD-9BBB4A4C6D67}"
EndProject
Project("{FAE04EC0-301F-11D3-BF4B-00C04F79EFBC}") = "CertaboEBoardWrapper", "EChessBoards\Certabo\CertaboEBoardWrapper\CertaboEBoardWrapper.csproj", "{E2B652F0-1692-459A-BCA5-C5BD88760256}"
EndProject
Project("{FAE04EC0-301F-11D3-BF4B-00C04F79EFBC}") = "CertaboChessBoard", "EChessBoards\Certabo\ChessBoard\CertaboChessBoard.csproj", "{9CC15609-F971-4954-A978-9C4A7412173D}"
EndProject
Project("{FAE04EC0-301F-11D3-BF4B-00C04F79EFBC}") = "CertaboUci", "EChessBoards\Certabo\CertaboUci\CertaboUci\CertaboUci.csproj", "{C29AE9C8-0F9A-4364-9747-759365985EB7}"
EndProject
Project("{2150E333-8FDC-42A3-9474-1A3956D46DE8}") = "MChessLink", "MChessLink", "{71E74DE3-D602-41A7-A754-EF4F51C21D23}"
EndProject
Project("{FAE04EC0-301F-11D3-BF4B-00C04F79EFBC}") = "MChessLinkChessBoard", "EChessBoards\MChessLink\MChessLinkChessBoard\MChessLinkChessBoard.csproj", "{D984142B-AF41-4348-A3E4-51FFB4D30502}"
EndProject
Project("{FAE04EC0-301F-11D3-BF4B-00C04F79EFBC}") = "MChessLinkEBoardWrapper", "EChessBoards\MChessLink\MChessLinkEBoardWrapper\MChessLinkEBoardWrapper\MChessLinkEBoardWrapper.csproj", "{43DB45B8-75B3-4877-9287-0007C8AE420D}"
EndProject
Project("{FAE04EC0-301F-11D3-BF4B-00C04F79EFBC}") = "MChessLinkUci", "EChessBoards\MChessLink\MChessLinkUci\MChessLinkUci\MChessLinkUci.csproj", "{6E0164EB-C0D7-4318-9A2F-CEEAF81C7C95}"
EndProject
Project("{FAE04EC0-301F-11D3-BF4B-00C04F79EFBC}") = "BearChessTools", "BearChessTools\BearChessTools.csproj", "{58EAB818-7176-4BA9-A62A-AC2F27B089AE}"
EndProject
Project("{9A19103F-16F7-4668-BE54-9A1E7A4F7556}") = "MChessLinkUciCore", "EChessBoards\MChessLink\MChessLinkUciCore\MChessLinkUciCore\MChessLinkUciCore.csproj", "{4F2C527F-9409-4AD1-9664-C42C10103B30}"
EndProject
Project("{9A19103F-16F7-4668-BE54-9A1E7A4F7556}") = "CertaboUciCore", "EChessBoards\Certabo\CertaboUciCore\CertaboUciCore\CertaboUciCore.csproj", "{6C78BA97-1AE4-475B-BBA6-4C5A13E320CF}"
EndProject
Global
	GlobalSection(SolutionConfigurationPlatforms) = preSolution
		Debug|Any CPU = Debug|Any CPU
		Debug|ARM = Debug|ARM
		Debug|ARM64 = Debug|ARM64
		Debug|x64 = Debug|x64
		Debug|x86 = Debug|x86
		Release|Any CPU = Release|Any CPU
		Release|ARM = Release|ARM
		Release|ARM64 = Release|ARM64
		Release|x64 = Release|x64
		Release|x86 = Release|x86
	EndGlobalSection
	GlobalSection(ProjectConfigurationPlatforms) = postSolution
		{141B2A0E-19B7-4FB4-AA02-B0D9C176FD4A}.Debug|Any CPU.ActiveCfg = Debug|Any CPU
		{141B2A0E-19B7-4FB4-AA02-B0D9C176FD4A}.Debug|Any CPU.Build.0 = Debug|Any CPU
		{141B2A0E-19B7-4FB4-AA02-B0D9C176FD4A}.Debug|ARM.ActiveCfg = Debug|Any CPU
		{141B2A0E-19B7-4FB4-AA02-B0D9C176FD4A}.Debug|ARM.Build.0 = Debug|Any CPU
		{141B2A0E-19B7-4FB4-AA02-B0D9C176FD4A}.Debug|ARM64.ActiveCfg = Debug|Any CPU
		{141B2A0E-19B7-4FB4-AA02-B0D9C176FD4A}.Debug|ARM64.Build.0 = Debug|Any CPU
		{141B2A0E-19B7-4FB4-AA02-B0D9C176FD4A}.Debug|x64.ActiveCfg = Debug|Any CPU
		{141B2A0E-19B7-4FB4-AA02-B0D9C176FD4A}.Debug|x64.Build.0 = Debug|Any CPU
		{141B2A0E-19B7-4FB4-AA02-B0D9C176FD4A}.Debug|x86.ActiveCfg = Debug|Any CPU
		{141B2A0E-19B7-4FB4-AA02-B0D9C176FD4A}.Debug|x86.Build.0 = Debug|Any CPU
		{141B2A0E-19B7-4FB4-AA02-B0D9C176FD4A}.Release|Any CPU.ActiveCfg = Release|Any CPU
		{141B2A0E-19B7-4FB4-AA02-B0D9C176FD4A}.Release|Any CPU.Build.0 = Release|Any CPU
		{141B2A0E-19B7-4FB4-AA02-B0D9C176FD4A}.Release|ARM.ActiveCfg = Release|Any CPU
		{141B2A0E-19B7-4FB4-AA02-B0D9C176FD4A}.Release|ARM.Build.0 = Release|Any CPU
		{141B2A0E-19B7-4FB4-AA02-B0D9C176FD4A}.Release|ARM64.ActiveCfg = Release|Any CPU
		{141B2A0E-19B7-4FB4-AA02-B0D9C176FD4A}.Release|ARM64.Build.0 = Release|Any CPU
		{141B2A0E-19B7-4FB4-AA02-B0D9C176FD4A}.Release|x64.ActiveCfg = Release|Any CPU
		{141B2A0E-19B7-4FB4-AA02-B0D9C176FD4A}.Release|x64.Build.0 = Release|Any CPU
		{141B2A0E-19B7-4FB4-AA02-B0D9C176FD4A}.Release|x86.ActiveCfg = Release|Any CPU
		{141B2A0E-19B7-4FB4-AA02-B0D9C176FD4A}.Release|x86.Build.0 = Release|Any CPU
		{72BAD856-2F5E-45DB-9FF1-42D68A4998F5}.Debug|Any CPU.ActiveCfg = Debug|Any CPU
		{72BAD856-2F5E-45DB-9FF1-42D68A4998F5}.Debug|Any CPU.Build.0 = Debug|Any CPU
		{72BAD856-2F5E-45DB-9FF1-42D68A4998F5}.Debug|ARM.ActiveCfg = Debug|Any CPU
		{72BAD856-2F5E-45DB-9FF1-42D68A4998F5}.Debug|ARM.Build.0 = Debug|Any CPU
		{72BAD856-2F5E-45DB-9FF1-42D68A4998F5}.Debug|ARM64.ActiveCfg = Debug|Any CPU
		{72BAD856-2F5E-45DB-9FF1-42D68A4998F5}.Debug|ARM64.Build.0 = Debug|Any CPU
		{72BAD856-2F5E-45DB-9FF1-42D68A4998F5}.Debug|x64.ActiveCfg = Debug|Any CPU
		{72BAD856-2F5E-45DB-9FF1-42D68A4998F5}.Debug|x64.Build.0 = Debug|Any CPU
		{72BAD856-2F5E-45DB-9FF1-42D68A4998F5}.Debug|x86.ActiveCfg = Debug|Any CPU
		{72BAD856-2F5E-45DB-9FF1-42D68A4998F5}.Debug|x86.Build.0 = Debug|Any CPU
		{72BAD856-2F5E-45DB-9FF1-42D68A4998F5}.Release|Any CPU.ActiveCfg = Release|Any CPU
		{72BAD856-2F5E-45DB-9FF1-42D68A4998F5}.Release|Any CPU.Build.0 = Release|Any CPU
		{72BAD856-2F5E-45DB-9FF1-42D68A4998F5}.Release|ARM.ActiveCfg = Release|Any CPU
		{72BAD856-2F5E-45DB-9FF1-42D68A4998F5}.Release|ARM.Build.0 = Release|Any CPU
		{72BAD856-2F5E-45DB-9FF1-42D68A4998F5}.Release|ARM64.ActiveCfg = Release|Any CPU
		{72BAD856-2F5E-45DB-9FF1-42D68A4998F5}.Release|ARM64.Build.0 = Release|Any CPU
		{72BAD856-2F5E-45DB-9FF1-42D68A4998F5}.Release|x64.ActiveCfg = Release|Any CPU
		{72BAD856-2F5E-45DB-9FF1-42D68A4998F5}.Release|x64.Build.0 = Release|Any CPU
		{72BAD856-2F5E-45DB-9FF1-42D68A4998F5}.Release|x86.ActiveCfg = Release|Any CPU
		{72BAD856-2F5E-45DB-9FF1-42D68A4998F5}.Release|x86.Build.0 = Release|Any CPU
		{83995312-32FC-4E12-910E-1AB3BFE6133F}.Debug|Any CPU.ActiveCfg = Debug|Any CPU
		{83995312-32FC-4E12-910E-1AB3BFE6133F}.Debug|Any CPU.Build.0 = Debug|Any CPU
		{83995312-32FC-4E12-910E-1AB3BFE6133F}.Debug|ARM.ActiveCfg = Debug|Any CPU
		{83995312-32FC-4E12-910E-1AB3BFE6133F}.Debug|ARM.Build.0 = Debug|Any CPU
		{83995312-32FC-4E12-910E-1AB3BFE6133F}.Debug|ARM64.ActiveCfg = Debug|Any CPU
		{83995312-32FC-4E12-910E-1AB3BFE6133F}.Debug|ARM64.Build.0 = Debug|Any CPU
		{83995312-32FC-4E12-910E-1AB3BFE6133F}.Debug|x64.ActiveCfg = Debug|Any CPU
		{83995312-32FC-4E12-910E-1AB3BFE6133F}.Debug|x64.Build.0 = Debug|Any CPU
		{83995312-32FC-4E12-910E-1AB3BFE6133F}.Debug|x86.ActiveCfg = Debug|Any CPU
		{83995312-32FC-4E12-910E-1AB3BFE6133F}.Debug|x86.Build.0 = Debug|Any CPU
		{83995312-32FC-4E12-910E-1AB3BFE6133F}.Release|Any CPU.ActiveCfg = Release|Any CPU
		{83995312-32FC-4E12-910E-1AB3BFE6133F}.Release|Any CPU.Build.0 = Release|Any CPU
		{83995312-32FC-4E12-910E-1AB3BFE6133F}.Release|ARM.ActiveCfg = Release|Any CPU
		{83995312-32FC-4E12-910E-1AB3BFE6133F}.Release|ARM.Build.0 = Release|Any CPU
		{83995312-32FC-4E12-910E-1AB3BFE6133F}.Release|ARM64.ActiveCfg = Release|Any CPU
		{83995312-32FC-4E12-910E-1AB3BFE6133F}.Release|ARM64.Build.0 = Release|Any CPU
		{83995312-32FC-4E12-910E-1AB3BFE6133F}.Release|x64.ActiveCfg = Release|Any CPU
		{83995312-32FC-4E12-910E-1AB3BFE6133F}.Release|x64.Build.0 = Release|Any CPU
		{83995312-32FC-4E12-910E-1AB3BFE6133F}.Release|x86.ActiveCfg = Release|Any CPU
		{83995312-32FC-4E12-910E-1AB3BFE6133F}.Release|x86.Build.0 = Release|Any CPU
		{420CB182-9AF0-4286-835C-0213A904765B}.Debug|Any CPU.ActiveCfg = Debug|Any CPU
		{420CB182-9AF0-4286-835C-0213A904765B}.Debug|Any CPU.Build.0 = Debug|Any CPU
		{420CB182-9AF0-4286-835C-0213A904765B}.Debug|ARM.ActiveCfg = Debug|Any CPU
		{420CB182-9AF0-4286-835C-0213A904765B}.Debug|ARM.Build.0 = Debug|Any CPU
		{420CB182-9AF0-4286-835C-0213A904765B}.Debug|ARM64.ActiveCfg = Debug|Any CPU
		{420CB182-9AF0-4286-835C-0213A904765B}.Debug|ARM64.Build.0 = Debug|Any CPU
		{420CB182-9AF0-4286-835C-0213A904765B}.Debug|x64.ActiveCfg = Debug|Any CPU
		{420CB182-9AF0-4286-835C-0213A904765B}.Debug|x64.Build.0 = Debug|Any CPU
		{420CB182-9AF0-4286-835C-0213A904765B}.Debug|x86.ActiveCfg = Debug|Any CPU
		{420CB182-9AF0-4286-835C-0213A904765B}.Debug|x86.Build.0 = Debug|Any CPU
		{420CB182-9AF0-4286-835C-0213A904765B}.Release|Any CPU.ActiveCfg = Release|Any CPU
		{420CB182-9AF0-4286-835C-0213A904765B}.Release|Any CPU.Build.0 = Release|Any CPU
		{420CB182-9AF0-4286-835C-0213A904765B}.Release|ARM.ActiveCfg = Release|Any CPU
		{420CB182-9AF0-4286-835C-0213A904765B}.Release|ARM.Build.0 = Release|Any CPU
		{420CB182-9AF0-4286-835C-0213A904765B}.Release|ARM64.ActiveCfg = Release|Any CPU
		{420CB182-9AF0-4286-835C-0213A904765B}.Release|ARM64.Build.0 = Release|Any CPU
		{420CB182-9AF0-4286-835C-0213A904765B}.Release|x64.ActiveCfg = Release|Any CPU
		{420CB182-9AF0-4286-835C-0213A904765B}.Release|x64.Build.0 = Release|Any CPU
		{420CB182-9AF0-4286-835C-0213A904765B}.Release|x86.ActiveCfg = Release|Any CPU
		{420CB182-9AF0-4286-835C-0213A904765B}.Release|x86.Build.0 = Release|Any CPU
		{A6BCDC78-1EDC-40C7-936F-880423360BA3}.Debug|Any CPU.ActiveCfg = Debug|Any CPU
		{A6BCDC78-1EDC-40C7-936F-880423360BA3}.Debug|Any CPU.Build.0 = Debug|Any CPU
		{A6BCDC78-1EDC-40C7-936F-880423360BA3}.Debug|ARM.ActiveCfg = Debug|Any CPU
		{A6BCDC78-1EDC-40C7-936F-880423360BA3}.Debug|ARM.Build.0 = Debug|Any CPU
		{A6BCDC78-1EDC-40C7-936F-880423360BA3}.Debug|ARM64.ActiveCfg = Debug|Any CPU
		{A6BCDC78-1EDC-40C7-936F-880423360BA3}.Debug|ARM64.Build.0 = Debug|Any CPU
		{A6BCDC78-1EDC-40C7-936F-880423360BA3}.Debug|x64.ActiveCfg = Debug|Any CPU
		{A6BCDC78-1EDC-40C7-936F-880423360BA3}.Debug|x64.Build.0 = Debug|Any CPU
		{A6BCDC78-1EDC-40C7-936F-880423360BA3}.Debug|x86.ActiveCfg = Debug|Any CPU
		{A6BCDC78-1EDC-40C7-936F-880423360BA3}.Debug|x86.Build.0 = Debug|Any CPU
		{A6BCDC78-1EDC-40C7-936F-880423360BA3}.Release|Any CPU.ActiveCfg = Release|Any CPU
		{A6BCDC78-1EDC-40C7-936F-880423360BA3}.Release|Any CPU.Build.0 = Release|Any CPU
		{A6BCDC78-1EDC-40C7-936F-880423360BA3}.Release|ARM.ActiveCfg = Release|Any CPU
		{A6BCDC78-1EDC-40C7-936F-880423360BA3}.Release|ARM.Build.0 = Release|Any CPU
		{A6BCDC78-1EDC-40C7-936F-880423360BA3}.Release|ARM64.ActiveCfg = Release|Any CPU
		{A6BCDC78-1EDC-40C7-936F-880423360BA3}.Release|ARM64.Build.0 = Release|Any CPU
		{A6BCDC78-1EDC-40C7-936F-880423360BA3}.Release|x64.ActiveCfg = Release|Any CPU
		{A6BCDC78-1EDC-40C7-936F-880423360BA3}.Release|x64.Build.0 = Release|Any CPU
		{A6BCDC78-1EDC-40C7-936F-880423360BA3}.Release|x86.ActiveCfg = Release|Any CPU
		{A6BCDC78-1EDC-40C7-936F-880423360BA3}.Release|x86.Build.0 = Release|Any CPU
		{FEE3096B-8A9C-496B-B7F5-03E733614DD2}.Debug|Any CPU.ActiveCfg = Debug|Any CPU
		{FEE3096B-8A9C-496B-B7F5-03E733614DD2}.Debug|Any CPU.Build.0 = Debug|Any CPU
		{FEE3096B-8A9C-496B-B7F5-03E733614DD2}.Debug|ARM.ActiveCfg = Debug|Any CPU
		{FEE3096B-8A9C-496B-B7F5-03E733614DD2}.Debug|ARM.Build.0 = Debug|Any CPU
		{FEE3096B-8A9C-496B-B7F5-03E733614DD2}.Debug|ARM64.ActiveCfg = Debug|Any CPU
		{FEE3096B-8A9C-496B-B7F5-03E733614DD2}.Debug|ARM64.Build.0 = Debug|Any CPU
		{FEE3096B-8A9C-496B-B7F5-03E733614DD2}.Debug|x64.ActiveCfg = Debug|Any CPU
		{FEE3096B-8A9C-496B-B7F5-03E733614DD2}.Debug|x64.Build.0 = Debug|Any CPU
		{FEE3096B-8A9C-496B-B7F5-03E733614DD2}.Debug|x86.ActiveCfg = Debug|Any CPU
		{FEE3096B-8A9C-496B-B7F5-03E733614DD2}.Debug|x86.Build.0 = Debug|Any CPU
		{FEE3096B-8A9C-496B-B7F5-03E733614DD2}.Release|Any CPU.ActiveCfg = Release|Any CPU
		{FEE3096B-8A9C-496B-B7F5-03E733614DD2}.Release|Any CPU.Build.0 = Release|Any CPU
		{FEE3096B-8A9C-496B-B7F5-03E733614DD2}.Release|ARM.ActiveCfg = Release|Any CPU
		{FEE3096B-8A9C-496B-B7F5-03E733614DD2}.Release|ARM.Build.0 = Release|Any CPU
		{FEE3096B-8A9C-496B-B7F5-03E733614DD2}.Release|ARM64.ActiveCfg = Release|Any CPU
		{FEE3096B-8A9C-496B-B7F5-03E733614DD2}.Release|ARM64.Build.0 = Release|Any CPU
		{FEE3096B-8A9C-496B-B7F5-03E733614DD2}.Release|x64.ActiveCfg = Release|Any CPU
		{FEE3096B-8A9C-496B-B7F5-03E733614DD2}.Release|x64.Build.0 = Release|Any CPU
		{FEE3096B-8A9C-496B-B7F5-03E733614DD2}.Release|x86.ActiveCfg = Release|Any CPU
		{FEE3096B-8A9C-496B-B7F5-03E733614DD2}.Release|x86.Build.0 = Release|Any CPU
		{40462629-633B-4944-873D-5BEED2A60D88}.Debug|Any CPU.ActiveCfg = Debug|Any CPU
		{40462629-633B-4944-873D-5BEED2A60D88}.Debug|Any CPU.Build.0 = Debug|Any CPU
		{40462629-633B-4944-873D-5BEED2A60D88}.Debug|ARM.ActiveCfg = Debug|Any CPU
		{40462629-633B-4944-873D-5BEED2A60D88}.Debug|ARM.Build.0 = Debug|Any CPU
		{40462629-633B-4944-873D-5BEED2A60D88}.Debug|ARM64.ActiveCfg = Debug|Any CPU
		{40462629-633B-4944-873D-5BEED2A60D88}.Debug|ARM64.Build.0 = Debug|Any CPU
		{40462629-633B-4944-873D-5BEED2A60D88}.Debug|x64.ActiveCfg = Debug|Any CPU
		{40462629-633B-4944-873D-5BEED2A60D88}.Debug|x64.Build.0 = Debug|Any CPU
		{40462629-633B-4944-873D-5BEED2A60D88}.Debug|x86.ActiveCfg = Debug|Any CPU
		{40462629-633B-4944-873D-5BEED2A60D88}.Debug|x86.Build.0 = Debug|Any CPU
		{40462629-633B-4944-873D-5BEED2A60D88}.Release|Any CPU.ActiveCfg = Release|Any CPU
		{40462629-633B-4944-873D-5BEED2A60D88}.Release|Any CPU.Build.0 = Release|Any CPU
		{40462629-633B-4944-873D-5BEED2A60D88}.Release|ARM.ActiveCfg = Release|Any CPU
		{40462629-633B-4944-873D-5BEED2A60D88}.Release|ARM.Build.0 = Release|Any CPU
		{40462629-633B-4944-873D-5BEED2A60D88}.Release|ARM64.ActiveCfg = Release|Any CPU
		{40462629-633B-4944-873D-5BEED2A60D88}.Release|ARM64.Build.0 = Release|Any CPU
		{40462629-633B-4944-873D-5BEED2A60D88}.Release|x64.ActiveCfg = Release|Any CPU
		{40462629-633B-4944-873D-5BEED2A60D88}.Release|x64.Build.0 = Release|Any CPU
		{40462629-633B-4944-873D-5BEED2A60D88}.Release|x86.ActiveCfg = Release|Any CPU
		{40462629-633B-4944-873D-5BEED2A60D88}.Release|x86.Build.0 = Release|Any CPU
		{66AB214E-2281-4D97-99C7-B54B0E31DF1A}.Debug|Any CPU.ActiveCfg = Debug|Any CPU
		{66AB214E-2281-4D97-99C7-B54B0E31DF1A}.Debug|Any CPU.Build.0 = Debug|Any CPU
		{66AB214E-2281-4D97-99C7-B54B0E31DF1A}.Debug|ARM.ActiveCfg = Debug|Any CPU
		{66AB214E-2281-4D97-99C7-B54B0E31DF1A}.Debug|ARM.Build.0 = Debug|Any CPU
		{66AB214E-2281-4D97-99C7-B54B0E31DF1A}.Debug|ARM64.ActiveCfg = Debug|Any CPU
		{66AB214E-2281-4D97-99C7-B54B0E31DF1A}.Debug|ARM64.Build.0 = Debug|Any CPU
		{66AB214E-2281-4D97-99C7-B54B0E31DF1A}.Debug|x64.ActiveCfg = Debug|Any CPU
		{66AB214E-2281-4D97-99C7-B54B0E31DF1A}.Debug|x64.Build.0 = Debug|Any CPU
		{66AB214E-2281-4D97-99C7-B54B0E31DF1A}.Debug|x86.ActiveCfg = Debug|Any CPU
		{66AB214E-2281-4D97-99C7-B54B0E31DF1A}.Debug|x86.Build.0 = Debug|Any CPU
		{66AB214E-2281-4D97-99C7-B54B0E31DF1A}.Release|Any CPU.ActiveCfg = Release|Any CPU
		{66AB214E-2281-4D97-99C7-B54B0E31DF1A}.Release|Any CPU.Build.0 = Release|Any CPU
		{66AB214E-2281-4D97-99C7-B54B0E31DF1A}.Release|ARM.ActiveCfg = Release|Any CPU
		{66AB214E-2281-4D97-99C7-B54B0E31DF1A}.Release|ARM.Build.0 = Release|Any CPU
		{66AB214E-2281-4D97-99C7-B54B0E31DF1A}.Release|ARM64.ActiveCfg = Release|Any CPU
		{66AB214E-2281-4D97-99C7-B54B0E31DF1A}.Release|ARM64.Build.0 = Release|Any CPU
		{66AB214E-2281-4D97-99C7-B54B0E31DF1A}.Release|x64.ActiveCfg = Release|Any CPU
		{66AB214E-2281-4D97-99C7-B54B0E31DF1A}.Release|x64.Build.0 = Release|Any CPU
		{66AB214E-2281-4D97-99C7-B54B0E31DF1A}.Release|x86.ActiveCfg = Release|Any CPU
		{66AB214E-2281-4D97-99C7-B54B0E31DF1A}.Release|x86.Build.0 = Release|Any CPU
		{E2B652F0-1692-459A-BCA5-C5BD88760256}.Debug|Any CPU.ActiveCfg = Debug|Any CPU
		{E2B652F0-1692-459A-BCA5-C5BD88760256}.Debug|Any CPU.Build.0 = Debug|Any CPU
		{E2B652F0-1692-459A-BCA5-C5BD88760256}.Debug|ARM.ActiveCfg = Debug|Any CPU
		{E2B652F0-1692-459A-BCA5-C5BD88760256}.Debug|ARM.Build.0 = Debug|Any CPU
		{E2B652F0-1692-459A-BCA5-C5BD88760256}.Debug|ARM64.ActiveCfg = Debug|Any CPU
		{E2B652F0-1692-459A-BCA5-C5BD88760256}.Debug|ARM64.Build.0 = Debug|Any CPU
		{E2B652F0-1692-459A-BCA5-C5BD88760256}.Debug|x64.ActiveCfg = Debug|Any CPU
		{E2B652F0-1692-459A-BCA5-C5BD88760256}.Debug|x64.Build.0 = Debug|Any CPU
		{E2B652F0-1692-459A-BCA5-C5BD88760256}.Debug|x86.ActiveCfg = Debug|Any CPU
		{E2B652F0-1692-459A-BCA5-C5BD88760256}.Debug|x86.Build.0 = Debug|Any CPU
		{E2B652F0-1692-459A-BCA5-C5BD88760256}.Release|Any CPU.ActiveCfg = Release|Any CPU
		{E2B652F0-1692-459A-BCA5-C5BD88760256}.Release|Any CPU.Build.0 = Release|Any CPU
		{E2B652F0-1692-459A-BCA5-C5BD88760256}.Release|ARM.ActiveCfg = Release|Any CPU
		{E2B652F0-1692-459A-BCA5-C5BD88760256}.Release|ARM.Build.0 = Release|Any CPU
		{E2B652F0-1692-459A-BCA5-C5BD88760256}.Release|ARM64.ActiveCfg = Release|Any CPU
		{E2B652F0-1692-459A-BCA5-C5BD88760256}.Release|ARM64.Build.0 = Release|Any CPU
		{E2B652F0-1692-459A-BCA5-C5BD88760256}.Release|x64.ActiveCfg = Release|Any CPU
		{E2B652F0-1692-459A-BCA5-C5BD88760256}.Release|x64.Build.0 = Release|Any CPU
		{E2B652F0-1692-459A-BCA5-C5BD88760256}.Release|x86.ActiveCfg = Release|Any CPU
		{E2B652F0-1692-459A-BCA5-C5BD88760256}.Release|x86.Build.0 = Release|Any CPU
		{9CC15609-F971-4954-A978-9C4A7412173D}.Debug|Any CPU.ActiveCfg = Debug|Any CPU
		{9CC15609-F971-4954-A978-9C4A7412173D}.Debug|Any CPU.Build.0 = Debug|Any CPU
		{9CC15609-F971-4954-A978-9C4A7412173D}.Debug|ARM.ActiveCfg = Debug|Any CPU
		{9CC15609-F971-4954-A978-9C4A7412173D}.Debug|ARM.Build.0 = Debug|Any CPU
		{9CC15609-F971-4954-A978-9C4A7412173D}.Debug|ARM64.ActiveCfg = Debug|Any CPU
		{9CC15609-F971-4954-A978-9C4A7412173D}.Debug|ARM64.Build.0 = Debug|Any CPU
		{9CC15609-F971-4954-A978-9C4A7412173D}.Debug|x64.ActiveCfg = Debug|Any CPU
		{9CC15609-F971-4954-A978-9C4A7412173D}.Debug|x64.Build.0 = Debug|Any CPU
		{9CC15609-F971-4954-A978-9C4A7412173D}.Debug|x86.ActiveCfg = Debug|Any CPU
		{9CC15609-F971-4954-A978-9C4A7412173D}.Debug|x86.Build.0 = Debug|Any CPU
		{9CC15609-F971-4954-A978-9C4A7412173D}.Release|Any CPU.ActiveCfg = Release|Any CPU
		{9CC15609-F971-4954-A978-9C4A7412173D}.Release|Any CPU.Build.0 = Release|Any CPU
		{9CC15609-F971-4954-A978-9C4A7412173D}.Release|ARM.ActiveCfg = Release|Any CPU
		{9CC15609-F971-4954-A978-9C4A7412173D}.Release|ARM.Build.0 = Release|Any CPU
		{9CC15609-F971-4954-A978-9C4A7412173D}.Release|ARM64.ActiveCfg = Release|Any CPU
		{9CC15609-F971-4954-A978-9C4A7412173D}.Release|ARM64.Build.0 = Release|Any CPU
		{9CC15609-F971-4954-A978-9C4A7412173D}.Release|x64.ActiveCfg = Release|Any CPU
		{9CC15609-F971-4954-A978-9C4A7412173D}.Release|x64.Build.0 = Release|Any CPU
		{9CC15609-F971-4954-A978-9C4A7412173D}.Release|x86.ActiveCfg = Release|Any CPU
		{9CC15609-F971-4954-A978-9C4A7412173D}.Release|x86.Build.0 = Release|Any CPU
		{C29AE9C8-0F9A-4364-9747-759365985EB7}.Debug|Any CPU.ActiveCfg = Debug|Any CPU
		{C29AE9C8-0F9A-4364-9747-759365985EB7}.Debug|Any CPU.Build.0 = Debug|Any CPU
		{C29AE9C8-0F9A-4364-9747-759365985EB7}.Debug|ARM.ActiveCfg = Debug|Any CPU
		{C29AE9C8-0F9A-4364-9747-759365985EB7}.Debug|ARM.Build.0 = Debug|Any CPU
		{C29AE9C8-0F9A-4364-9747-759365985EB7}.Debug|ARM64.ActiveCfg = Debug|Any CPU
		{C29AE9C8-0F9A-4364-9747-759365985EB7}.Debug|ARM64.Build.0 = Debug|Any CPU
		{C29AE9C8-0F9A-4364-9747-759365985EB7}.Debug|x64.ActiveCfg = Debug|Any CPU
		{C29AE9C8-0F9A-4364-9747-759365985EB7}.Debug|x64.Build.0 = Debug|Any CPU
		{C29AE9C8-0F9A-4364-9747-759365985EB7}.Debug|x86.ActiveCfg = Debug|Any CPU
		{C29AE9C8-0F9A-4364-9747-759365985EB7}.Debug|x86.Build.0 = Debug|Any CPU
		{C29AE9C8-0F9A-4364-9747-759365985EB7}.Release|Any CPU.ActiveCfg = Release|Any CPU
		{C29AE9C8-0F9A-4364-9747-759365985EB7}.Release|Any CPU.Build.0 = Release|Any CPU
		{C29AE9C8-0F9A-4364-9747-759365985EB7}.Release|ARM.ActiveCfg = Release|Any CPU
		{C29AE9C8-0F9A-4364-9747-759365985EB7}.Release|ARM.Build.0 = Release|Any CPU
		{C29AE9C8-0F9A-4364-9747-759365985EB7}.Release|ARM64.ActiveCfg = Release|Any CPU
		{C29AE9C8-0F9A-4364-9747-759365985EB7}.Release|ARM64.Build.0 = Release|Any CPU
		{C29AE9C8-0F9A-4364-9747-759365985EB7}.Release|x64.ActiveCfg = Release|Any CPU
		{C29AE9C8-0F9A-4364-9747-759365985EB7}.Release|x64.Build.0 = Release|Any CPU
		{C29AE9C8-0F9A-4364-9747-759365985EB7}.Release|x86.ActiveCfg = Release|Any CPU
		{C29AE9C8-0F9A-4364-9747-759365985EB7}.Release|x86.Build.0 = Release|Any CPU
		{D984142B-AF41-4348-A3E4-51FFB4D30502}.Debug|Any CPU.ActiveCfg = Debug|Any CPU
		{D984142B-AF41-4348-A3E4-51FFB4D30502}.Debug|Any CPU.Build.0 = Debug|Any CPU
		{D984142B-AF41-4348-A3E4-51FFB4D30502}.Debug|ARM.ActiveCfg = Debug|Any CPU
		{D984142B-AF41-4348-A3E4-51FFB4D30502}.Debug|ARM.Build.0 = Debug|Any CPU
		{D984142B-AF41-4348-A3E4-51FFB4D30502}.Debug|ARM64.ActiveCfg = Debug|Any CPU
		{D984142B-AF41-4348-A3E4-51FFB4D30502}.Debug|ARM64.Build.0 = Debug|Any CPU
		{D984142B-AF41-4348-A3E4-51FFB4D30502}.Debug|x64.ActiveCfg = Debug|Any CPU
		{D984142B-AF41-4348-A3E4-51FFB4D30502}.Debug|x64.Build.0 = Debug|Any CPU
		{D984142B-AF41-4348-A3E4-51FFB4D30502}.Debug|x86.ActiveCfg = Debug|Any CPU
		{D984142B-AF41-4348-A3E4-51FFB4D30502}.Debug|x86.Build.0 = Debug|Any CPU
		{D984142B-AF41-4348-A3E4-51FFB4D30502}.Release|Any CPU.ActiveCfg = Release|Any CPU
		{D984142B-AF41-4348-A3E4-51FFB4D30502}.Release|Any CPU.Build.0 = Release|Any CPU
		{D984142B-AF41-4348-A3E4-51FFB4D30502}.Release|ARM.ActiveCfg = Release|Any CPU
		{D984142B-AF41-4348-A3E4-51FFB4D30502}.Release|ARM.Build.0 = Release|Any CPU
		{D984142B-AF41-4348-A3E4-51FFB4D30502}.Release|ARM64.ActiveCfg = Release|Any CPU
		{D984142B-AF41-4348-A3E4-51FFB4D30502}.Release|ARM64.Build.0 = Release|Any CPU
		{D984142B-AF41-4348-A3E4-51FFB4D30502}.Release|x64.ActiveCfg = Release|Any CPU
		{D984142B-AF41-4348-A3E4-51FFB4D30502}.Release|x64.Build.0 = Release|Any CPU
		{D984142B-AF41-4348-A3E4-51FFB4D30502}.Release|x86.ActiveCfg = Release|Any CPU
		{D984142B-AF41-4348-A3E4-51FFB4D30502}.Release|x86.Build.0 = Release|Any CPU
		{43DB45B8-75B3-4877-9287-0007C8AE420D}.Debug|Any CPU.ActiveCfg = Debug|Any CPU
		{43DB45B8-75B3-4877-9287-0007C8AE420D}.Debug|Any CPU.Build.0 = Debug|Any CPU
		{43DB45B8-75B3-4877-9287-0007C8AE420D}.Debug|ARM.ActiveCfg = Debug|Any CPU
		{43DB45B8-75B3-4877-9287-0007C8AE420D}.Debug|ARM.Build.0 = Debug|Any CPU
		{43DB45B8-75B3-4877-9287-0007C8AE420D}.Debug|ARM64.ActiveCfg = Debug|Any CPU
		{43DB45B8-75B3-4877-9287-0007C8AE420D}.Debug|ARM64.Build.0 = Debug|Any CPU
		{43DB45B8-75B3-4877-9287-0007C8AE420D}.Debug|x64.ActiveCfg = Debug|Any CPU
		{43DB45B8-75B3-4877-9287-0007C8AE420D}.Debug|x64.Build.0 = Debug|Any CPU
		{43DB45B8-75B3-4877-9287-0007C8AE420D}.Debug|x86.ActiveCfg = Debug|Any CPU
		{43DB45B8-75B3-4877-9287-0007C8AE420D}.Debug|x86.Build.0 = Debug|Any CPU
		{43DB45B8-75B3-4877-9287-0007C8AE420D}.Release|Any CPU.ActiveCfg = Release|Any CPU
		{43DB45B8-75B3-4877-9287-0007C8AE420D}.Release|Any CPU.Build.0 = Release|Any CPU
		{43DB45B8-75B3-4877-9287-0007C8AE420D}.Release|ARM.ActiveCfg = Release|Any CPU
		{43DB45B8-75B3-4877-9287-0007C8AE420D}.Release|ARM.Build.0 = Release|Any CPU
		{43DB45B8-75B3-4877-9287-0007C8AE420D}.Release|ARM64.ActiveCfg = Release|Any CPU
		{43DB45B8-75B3-4877-9287-0007C8AE420D}.Release|ARM64.Build.0 = Release|Any CPU
		{43DB45B8-75B3-4877-9287-0007C8AE420D}.Release|x64.ActiveCfg = Release|Any CPU
		{43DB45B8-75B3-4877-9287-0007C8AE420D}.Release|x64.Build.0 = Release|Any CPU
		{43DB45B8-75B3-4877-9287-0007C8AE420D}.Release|x86.ActiveCfg = Release|Any CPU
		{43DB45B8-75B3-4877-9287-0007C8AE420D}.Release|x86.Build.0 = Release|Any CPU
		{6E0164EB-C0D7-4318-9A2F-CEEAF81C7C95}.Debug|Any CPU.ActiveCfg = Debug|Any CPU
		{6E0164EB-C0D7-4318-9A2F-CEEAF81C7C95}.Debug|Any CPU.Build.0 = Debug|Any CPU
		{6E0164EB-C0D7-4318-9A2F-CEEAF81C7C95}.Debug|ARM.ActiveCfg = Debug|Any CPU
		{6E0164EB-C0D7-4318-9A2F-CEEAF81C7C95}.Debug|ARM.Build.0 = Debug|Any CPU
		{6E0164EB-C0D7-4318-9A2F-CEEAF81C7C95}.Debug|ARM64.ActiveCfg = Debug|Any CPU
		{6E0164EB-C0D7-4318-9A2F-CEEAF81C7C95}.Debug|ARM64.Build.0 = Debug|Any CPU
		{6E0164EB-C0D7-4318-9A2F-CEEAF81C7C95}.Debug|x64.ActiveCfg = Debug|Any CPU
		{6E0164EB-C0D7-4318-9A2F-CEEAF81C7C95}.Debug|x64.Build.0 = Debug|Any CPU
		{6E0164EB-C0D7-4318-9A2F-CEEAF81C7C95}.Debug|x86.ActiveCfg = Debug|Any CPU
		{6E0164EB-C0D7-4318-9A2F-CEEAF81C7C95}.Debug|x86.Build.0 = Debug|Any CPU
		{6E0164EB-C0D7-4318-9A2F-CEEAF81C7C95}.Release|Any CPU.ActiveCfg = Release|Any CPU
		{6E0164EB-C0D7-4318-9A2F-CEEAF81C7C95}.Release|Any CPU.Build.0 = Release|Any CPU
		{6E0164EB-C0D7-4318-9A2F-CEEAF81C7C95}.Release|ARM.ActiveCfg = Release|Any CPU
		{6E0164EB-C0D7-4318-9A2F-CEEAF81C7C95}.Release|ARM.Build.0 = Release|Any CPU
		{6E0164EB-C0D7-4318-9A2F-CEEAF81C7C95}.Release|ARM64.ActiveCfg = Release|Any CPU
		{6E0164EB-C0D7-4318-9A2F-CEEAF81C7C95}.Release|ARM64.Build.0 = Release|Any CPU
		{6E0164EB-C0D7-4318-9A2F-CEEAF81C7C95}.Release|x64.ActiveCfg = Release|Any CPU
		{6E0164EB-C0D7-4318-9A2F-CEEAF81C7C95}.Release|x64.Build.0 = Release|Any CPU
		{6E0164EB-C0D7-4318-9A2F-CEEAF81C7C95}.Release|x86.ActiveCfg = Release|Any CPU
		{6E0164EB-C0D7-4318-9A2F-CEEAF81C7C95}.Release|x86.Build.0 = Release|Any CPU
		{58EAB818-7176-4BA9-A62A-AC2F27B089AE}.Debug|Any CPU.ActiveCfg = Debug|Any CPU
		{58EAB818-7176-4BA9-A62A-AC2F27B089AE}.Debug|Any CPU.Build.0 = Debug|Any CPU
		{58EAB818-7176-4BA9-A62A-AC2F27B089AE}.Debug|ARM.ActiveCfg = Debug|Any CPU
		{58EAB818-7176-4BA9-A62A-AC2F27B089AE}.Debug|ARM.Build.0 = Debug|Any CPU
		{58EAB818-7176-4BA9-A62A-AC2F27B089AE}.Debug|ARM64.ActiveCfg = Debug|Any CPU
		{58EAB818-7176-4BA9-A62A-AC2F27B089AE}.Debug|ARM64.Build.0 = Debug|Any CPU
		{58EAB818-7176-4BA9-A62A-AC2F27B089AE}.Debug|x64.ActiveCfg = Debug|Any CPU
		{58EAB818-7176-4BA9-A62A-AC2F27B089AE}.Debug|x64.Build.0 = Debug|Any CPU
		{58EAB818-7176-4BA9-A62A-AC2F27B089AE}.Debug|x86.ActiveCfg = Debug|Any CPU
		{58EAB818-7176-4BA9-A62A-AC2F27B089AE}.Debug|x86.Build.0 = Debug|Any CPU
		{58EAB818-7176-4BA9-A62A-AC2F27B089AE}.Release|Any CPU.ActiveCfg = Release|Any CPU
		{58EAB818-7176-4BA9-A62A-AC2F27B089AE}.Release|Any CPU.Build.0 = Release|Any CPU
		{58EAB818-7176-4BA9-A62A-AC2F27B089AE}.Release|ARM.ActiveCfg = Release|Any CPU
		{58EAB818-7176-4BA9-A62A-AC2F27B089AE}.Release|ARM.Build.0 = Release|Any CPU
		{58EAB818-7176-4BA9-A62A-AC2F27B089AE}.Release|ARM64.ActiveCfg = Release|Any CPU
		{58EAB818-7176-4BA9-A62A-AC2F27B089AE}.Release|ARM64.Build.0 = Release|Any CPU
		{58EAB818-7176-4BA9-A62A-AC2F27B089AE}.Release|x64.ActiveCfg = Release|Any CPU
		{58EAB818-7176-4BA9-A62A-AC2F27B089AE}.Release|x64.Build.0 = Release|Any CPU
		{58EAB818-7176-4BA9-A62A-AC2F27B089AE}.Release|x86.ActiveCfg = Release|Any CPU
		{58EAB818-7176-4BA9-A62A-AC2F27B089AE}.Release|x86.Build.0 = Release|Any CPU
		{4F2C527F-9409-4AD1-9664-C42C10103B30}.Debug|Any CPU.ActiveCfg = Debug|Any CPU
		{4F2C527F-9409-4AD1-9664-C42C10103B30}.Debug|Any CPU.Build.0 = Debug|Any CPU
		{4F2C527F-9409-4AD1-9664-C42C10103B30}.Debug|ARM.ActiveCfg = Debug|Any CPU
		{4F2C527F-9409-4AD1-9664-C42C10103B30}.Debug|ARM.Build.0 = Debug|Any CPU
		{4F2C527F-9409-4AD1-9664-C42C10103B30}.Debug|ARM64.ActiveCfg = Debug|Any CPU
		{4F2C527F-9409-4AD1-9664-C42C10103B30}.Debug|ARM64.Build.0 = Debug|Any CPU
		{4F2C527F-9409-4AD1-9664-C42C10103B30}.Debug|x64.ActiveCfg = Debug|Any CPU
		{4F2C527F-9409-4AD1-9664-C42C10103B30}.Debug|x64.Build.0 = Debug|Any CPU
		{4F2C527F-9409-4AD1-9664-C42C10103B30}.Debug|x86.ActiveCfg = Debug|Any CPU
		{4F2C527F-9409-4AD1-9664-C42C10103B30}.Debug|x86.Build.0 = Debug|Any CPU
		{4F2C527F-9409-4AD1-9664-C42C10103B30}.Release|Any CPU.ActiveCfg = Release|Any CPU
		{4F2C527F-9409-4AD1-9664-C42C10103B30}.Release|Any CPU.Build.0 = Release|Any CPU
		{4F2C527F-9409-4AD1-9664-C42C10103B30}.Release|ARM.ActiveCfg = Release|Any CPU
		{4F2C527F-9409-4AD1-9664-C42C10103B30}.Release|ARM.Build.0 = Release|Any CPU
		{4F2C527F-9409-4AD1-9664-C42C10103B30}.Release|ARM64.ActiveCfg = Release|Any CPU
		{4F2C527F-9409-4AD1-9664-C42C10103B30}.Release|ARM64.Build.0 = Release|Any CPU
		{4F2C527F-9409-4AD1-9664-C42C10103B30}.Release|x64.ActiveCfg = Release|Any CPU
		{4F2C527F-9409-4AD1-9664-C42C10103B30}.Release|x64.Build.0 = Release|Any CPU
		{4F2C527F-9409-4AD1-9664-C42C10103B30}.Release|x86.ActiveCfg = Release|Any CPU
		{4F2C527F-9409-4AD1-9664-C42C10103B30}.Release|x86.Build.0 = Release|Any CPU
		{6C78BA97-1AE4-475B-BBA6-4C5A13E320CF}.Debug|Any CPU.ActiveCfg = Debug|Any CPU
		{6C78BA97-1AE4-475B-BBA6-4C5A13E320CF}.Debug|Any CPU.Build.0 = Debug|Any CPU
		{6C78BA97-1AE4-475B-BBA6-4C5A13E320CF}.Debug|ARM.ActiveCfg = Debug|Any CPU
		{6C78BA97-1AE4-475B-BBA6-4C5A13E320CF}.Debug|ARM.Build.0 = Debug|Any CPU
		{6C78BA97-1AE4-475B-BBA6-4C5A13E320CF}.Debug|ARM64.ActiveCfg = Debug|Any CPU
		{6C78BA97-1AE4-475B-BBA6-4C5A13E320CF}.Debug|ARM64.Build.0 = Debug|Any CPU
		{6C78BA97-1AE4-475B-BBA6-4C5A13E320CF}.Debug|x64.ActiveCfg = Debug|Any CPU
		{6C78BA97-1AE4-475B-BBA6-4C5A13E320CF}.Debug|x64.Build.0 = Debug|Any CPU
		{6C78BA97-1AE4-475B-BBA6-4C5A13E320CF}.Debug|x86.ActiveCfg = Debug|Any CPU
		{6C78BA97-1AE4-475B-BBA6-4C5A13E320CF}.Debug|x86.Build.0 = Debug|Any CPU
		{6C78BA97-1AE4-475B-BBA6-4C5A13E320CF}.Release|Any CPU.ActiveCfg = Release|Any CPU
		{6C78BA97-1AE4-475B-BBA6-4C5A13E320CF}.Release|Any CPU.Build.0 = Release|Any CPU
		{6C78BA97-1AE4-475B-BBA6-4C5A13E320CF}.Release|ARM.ActiveCfg = Release|Any CPU
		{6C78BA97-1AE4-475B-BBA6-4C5A13E320CF}.Release|ARM.Build.0 = Release|Any CPU
		{6C78BA97-1AE4-475B-BBA6-4C5A13E320CF}.Release|ARM64.ActiveCfg = Release|Any CPU
		{6C78BA97-1AE4-475B-BBA6-4C5A13E320CF}.Release|ARM64.Build.0 = Release|Any CPU
		{6C78BA97-1AE4-475B-BBA6-4C5A13E320CF}.Release|x64.ActiveCfg = Release|Any CPU
		{6C78BA97-1AE4-475B-BBA6-4C5A13E320CF}.Release|x64.Build.0 = Release|Any CPU
		{6C78BA97-1AE4-475B-BBA6-4C5A13E320CF}.Release|x86.ActiveCfg = Release|Any CPU
		{6C78BA97-1AE4-475B-BBA6-4C5A13E320CF}.Release|x86.Build.0 = Release|Any CPU
	EndGlobalSection
	GlobalSection(SolutionProperties) = preSolution
		HideSolutionNode = FALSE
	EndGlobalSection
	GlobalSection(NestedProjects) = preSolution
		{83995312-32FC-4E12-910E-1AB3BFE6133F} = {F55BBBBC-0731-4D5D-ABFB-A5D416EE0D6A}
		{420CB182-9AF0-4286-835C-0213A904765B} = {57143F6A-605A-4D5B-8975-E249097003F7}
		{66AB214E-2281-4D97-99C7-B54B0E31DF1A} = {46B7CDAD-9374-41AC-96E0-2EC74B192601}
		{075F7A07-A27B-48DD-A1CD-9BBB4A4C6D67} = {46B7CDAD-9374-41AC-96E0-2EC74B192601}
		{E2B652F0-1692-459A-BCA5-C5BD88760256} = {075F7A07-A27B-48DD-A1CD-9BBB4A4C6D67}
		{9CC15609-F971-4954-A978-9C4A7412173D} = {075F7A07-A27B-48DD-A1CD-9BBB4A4C6D67}
		{C29AE9C8-0F9A-4364-9747-759365985EB7} = {075F7A07-A27B-48DD-A1CD-9BBB4A4C6D67}
		{71E74DE3-D602-41A7-A754-EF4F51C21D23} = {46B7CDAD-9374-41AC-96E0-2EC74B192601}
		{D984142B-AF41-4348-A3E4-51FFB4D30502} = {71E74DE3-D602-41A7-A754-EF4F51C21D23}
		{43DB45B8-75B3-4877-9287-0007C8AE420D} = {71E74DE3-D602-41A7-A754-EF4F51C21D23}
		{6E0164EB-C0D7-4318-9A2F-CEEAF81C7C95} = {71E74DE3-D602-41A7-A754-EF4F51C21D23}
		{4F2C527F-9409-4AD1-9664-C42C10103B30} = {71E74DE3-D602-41A7-A754-EF4F51C21D23}
		{6C78BA97-1AE4-475B-BBA6-4C5A13E320CF} = {075F7A07-A27B-48DD-A1CD-9BBB4A4C6D67}
	EndGlobalSection
	GlobalSection(ExtensibilityGlobals) = postSolution
		SolutionGuid = {38AA13D6-2A82-4D7C-AA0D-F8AB75771A80}
	EndGlobalSection
EndGlobal
